
Microsoft Visual Studio Solution File, Format Version 12.00
# Visual Studio Version 16
VisualStudioVersion = 16.0.29509.3
MinimumVisualStudioVersion = 10.0.40219.1
Project("{2150E333-8FDC-42A3-9474-1A3956D46DE8}") = "CrossCutting", "CrossCutting", "{40C26F89-219D-4B16-9AC2-82342933F5EE}"
EndProject
Project("{2150E333-8FDC-42A3-9474-1A3956D46DE8}") = "Data", "Data", "{F470BCA6-FEE3-4B31-8DBB-DE6B311E513D}"
EndProject
Project("{2150E333-8FDC-42A3-9474-1A3956D46DE8}") = "Logic", "Logic", "{919F4BF8-BF27-4AC1-9B47-EB436DB78C5A}"
EndProject
Project("{2150E333-8FDC-42A3-9474-1A3956D46DE8}") = "UI", "UI", "{FEE7FDB2-5C46-459F-A299-70265FA77330}"
EndProject
Project("{2150E333-8FDC-42A3-9474-1A3956D46DE8}") = "Business", "Business", "{7F375654-430E-46FB-BC82-EB5ACBE29842}"
EndProject
Project("{2150E333-8FDC-42A3-9474-1A3956D46DE8}") = "Domain", "Domain", "{D8E05221-67DE-45AE-B726-6E22B95000D9}"
EndProject
Project("{2150E333-8FDC-42A3-9474-1A3956D46DE8}") = "Foundation", "Foundation", "{8A56F163-928F-4ACB-8EEA-20DCCABCE828}"
EndProject
Project("{2150E333-8FDC-42A3-9474-1A3956D46DE8}") = "Integration", "Integration", "{83842921-9796-4D02-9874-49C3735DF8FF}"
EndProject
Project("{2150E333-8FDC-42A3-9474-1A3956D46DE8}") = "Core", "Core", "{D12D1390-9E1E-46EB-9CA5-AF9A1BD6DFD8}"
EndProject
Project("{9A19103F-16F7-4668-BE54-9A1E7A4F7556}") = "CoCo.Core.Bootstrapping", "ComponentStore\CoCo.Core.Bootstrapping\CoCo.Core.Bootstrapping.csproj", "{CDC3D49B-FB38-437A-9EFB-DB805B126956}"
EndProject
Project("{9A19103F-16F7-4668-BE54-9A1E7A4F7556}") = "CoCo.Core.Configuration", "ComponentStore\CoCo.Core.Configuration\CoCo.Core.Configuration.csproj", "{91896BD5-6C44-4FED-B26F-A2259AED7A1E}"
EndProject
Project("{9A19103F-16F7-4668-BE54-9A1E7A4F7556}") = "CoCo.Core.Configuration.DatabaseSource", "ComponentStore\CoCo.Core.Configuration.DatabaseSource\CoCo.Core.Configuration.DatabaseSource.csproj", "{A193BF7A-7498-41FD-B810-CD0C67C119ED}"
EndProject
Project("{FAE04EC0-301F-11D3-BF4B-00C04F79EFBC}") = "CoCo.Core.Configuration.Tests", "ComponentStore\CoCo.Core.Configuration.Tests\CoCo.Core.Configuration.Tests.csproj", "{E8A5D00A-330F-44E9-90A1-8C6C1B1DCDEF}"
EndProject
Project("{9A19103F-16F7-4668-BE54-9A1E7A4F7556}") = "CoCo.Core.Contract", "ComponentStore\CoCo.Core.Contract\CoCo.Core.Contract.csproj", "{33981DCC-8D25-4F49-921C-F70E1B269DE9}"
EndProject
Project("{9A19103F-16F7-4668-BE54-9A1E7A4F7556}") = "CoCo.Core.EventBrokerage", "ComponentStore\CoCo.Core.EventBrokerage\CoCo.Core.EventBrokerage.csproj", "{42287434-26B6-4D48-BFC1-428B8D30CB4B}"
EndProject
Project("{FAE04EC0-301F-11D3-BF4B-00C04F79EFBC}") = "CoCo.Core.EventBrokerage.Tests", "ComponentStore\CoCo.Core.EventBrokerage.Tests\CoCo.Core.EventBrokerage.Tests.csproj", "{CD35E234-5E90-46A7-B28D-27962506F411}"
EndProject
Project("{9A19103F-16F7-4668-BE54-9A1E7A4F7556}") = "CoCo.Core.NinjectAdapter", "ComponentStore\CoCo.Core.NinjectAdapter\CoCo.Core.NinjectAdapter.csproj", "{CBEBFFB8-2DCA-4066-816E-F903F35DD5E0}"
EndProject
Project("{9A19103F-16F7-4668-BE54-9A1E7A4F7556}") = "CoCo.Core.Owin", "ComponentStore\CoCo.Core.Owin\CoCo.Core.Owin.csproj", "{F64A39A7-C257-422C-9912-D6F13A5885F2}"
EndProject
Project("{9A19103F-16F7-4668-BE54-9A1E7A4F7556}") = "CoCo.Core.Owin.Mvc", "ComponentStore\CoCo.Core.Owin.Mvc\CoCo.Core.Owin.Mvc.csproj", "{95ECECF9-702C-4E95-A634-5DB93B55FA34}"
EndProject
Global
	GlobalSection(SolutionConfigurationPlatforms) = preSolution
		Debug|Any CPU = Debug|Any CPU
		Release|Any CPU = Release|Any CPU
	EndGlobalSection
	GlobalSection(ProjectConfigurationPlatforms) = postSolution
		{CDC3D49B-FB38-437A-9EFB-DB805B126956}.Debug|Any CPU.ActiveCfg = Debug|Any CPU
		{CDC3D49B-FB38-437A-9EFB-DB805B126956}.Debug|Any CPU.Build.0 = Debug|Any CPU
		{CDC3D49B-FB38-437A-9EFB-DB805B126956}.Release|Any CPU.ActiveCfg = Release|Any CPU
		{CDC3D49B-FB38-437A-9EFB-DB805B126956}.Release|Any CPU.Build.0 = Release|Any CPU
		{91896BD5-6C44-4FED-B26F-A2259AED7A1E}.Debug|Any CPU.ActiveCfg = Debug|Any CPU
		{91896BD5-6C44-4FED-B26F-A2259AED7A1E}.Debug|Any CPU.Build.0 = Debug|Any CPU
		{91896BD5-6C44-4FED-B26F-A2259AED7A1E}.Release|Any CPU.ActiveCfg = Release|Any CPU
		{91896BD5-6C44-4FED-B26F-A2259AED7A1E}.Release|Any CPU.Build.0 = Release|Any CPU
		{A193BF7A-7498-41FD-B810-CD0C67C119ED}.Debug|Any CPU.ActiveCfg = Debug|Any CPU
		{A193BF7A-7498-41FD-B810-CD0C67C119ED}.Debug|Any CPU.Build.0 = Debug|Any CPU
		{A193BF7A-7498-41FD-B810-CD0C67C119ED}.Release|Any CPU.ActiveCfg = Release|Any CPU
		{A193BF7A-7498-41FD-B810-CD0C67C119ED}.Release|Any CPU.Build.0 = Release|Any CPU
		{E8A5D00A-330F-44E9-90A1-8C6C1B1DCDEF}.Debug|Any CPU.ActiveCfg = Debug|Any CPU
		{E8A5D00A-330F-44E9-90A1-8C6C1B1DCDEF}.Debug|Any CPU.Build.0 = Debug|Any CPU
		{E8A5D00A-330F-44E9-90A1-8C6C1B1DCDEF}.Release|Any CPU.ActiveCfg = Release|Any CPU
		{E8A5D00A-330F-44E9-90A1-8C6C1B1DCDEF}.Release|Any CPU.Build.0 = Release|Any CPU
		{33981DCC-8D25-4F49-921C-F70E1B269DE9}.Debug|Any CPU.ActiveCfg = Debug|Any CPU
		{33981DCC-8D25-4F49-921C-F70E1B269DE9}.Debug|Any CPU.Build.0 = Debug|Any CPU
		{33981DCC-8D25-4F49-921C-F70E1B269DE9}.Release|Any CPU.ActiveCfg = Release|Any CPU
		{33981DCC-8D25-4F49-921C-F70E1B269DE9}.Release|Any CPU.Build.0 = Release|Any CPU
		{42287434-26B6-4D48-BFC1-428B8D30CB4B}.Debug|Any CPU.ActiveCfg = Debug|Any CPU
		{42287434-26B6-4D48-BFC1-428B8D30CB4B}.Debug|Any CPU.Build.0 = Debug|Any CPU
		{42287434-26B6-4D48-BFC1-428B8D30CB4B}.Release|Any CPU.ActiveCfg = Release|Any CPU
		{42287434-26B6-4D48-BFC1-428B8D30CB4B}.Release|Any CPU.Build.0 = Release|Any CPU
		{CD35E234-5E90-46A7-B28D-27962506F411}.Debug|Any CPU.ActiveCfg = Debug|Any CPU
		{CD35E234-5E90-46A7-B28D-27962506F411}.Debug|Any CPU.Build.0 = Debug|Any CPU
		{CD35E234-5E90-46A7-B28D-27962506F411}.Release|Any CPU.ActiveCfg = Release|Any CPU
		{CD35E234-5E90-46A7-B28D-27962506F411}.Release|Any CPU.Build.0 = Release|Any CPU
		{CBEBFFB8-2DCA-4066-816E-F903F35DD5E0}.Debug|Any CPU.ActiveCfg = Debug|Any CPU
		{CBEBFFB8-2DCA-4066-816E-F903F35DD5E0}.Debug|Any CPU.Build.0 = Debug|Any CPU
		{CBEBFFB8-2DCA-4066-816E-F903F35DD5E0}.Release|Any CPU.ActiveCfg = Release|Any CPU
		{CBEBFFB8-2DCA-4066-816E-F903F35DD5E0}.Release|Any CPU.Build.0 = Release|Any CPU
		{F64A39A7-C257-422C-9912-D6F13A5885F2}.Debug|Any CPU.ActiveCfg = Debug|Any CPU
		{F64A39A7-C257-422C-9912-D6F13A5885F2}.Debug|Any CPU.Build.0 = Debug|Any CPU
		{F64A39A7-C257-422C-9912-D6F13A5885F2}.Release|Any CPU.ActiveCfg = Release|Any CPU
		{F64A39A7-C257-422C-9912-D6F13A5885F2}.Release|Any CPU.Build.0 = Release|Any CPU
		{95ECECF9-702C-4E95-A634-5DB93B55FA34}.Debug|Any CPU.ActiveCfg = Debug|Any CPU
		{95ECECF9-702C-4E95-A634-5DB93B55FA34}.Debug|Any CPU.Build.0 = Debug|Any CPU
		{95ECECF9-702C-4E95-A634-5DB93B55FA34}.Release|Any CPU.ActiveCfg = Release|Any CPU
		{95ECECF9-702C-4E95-A634-5DB93B55FA34}.Release|Any CPU.Build.0 = Release|Any CPU
	EndGlobalSection
	GlobalSection(SolutionProperties) = preSolution
		HideSolutionNode = FALSE
	EndGlobalSection
	GlobalSection(NestedProjects) = preSolution
		{7F375654-430E-46FB-BC82-EB5ACBE29842} = {919F4BF8-BF27-4AC1-9B47-EB436DB78C5A}
		{D8E05221-67DE-45AE-B726-6E22B95000D9} = {919F4BF8-BF27-4AC1-9B47-EB436DB78C5A}
		{8A56F163-928F-4ACB-8EEA-20DCCABCE828} = {919F4BF8-BF27-4AC1-9B47-EB436DB78C5A}
		{83842921-9796-4D02-9874-49C3735DF8FF} = {919F4BF8-BF27-4AC1-9B47-EB436DB78C5A}
		{D12D1390-9E1E-46EB-9CA5-AF9A1BD6DFD8} = {40C26F89-219D-4B16-9AC2-82342933F5EE}
		{CDC3D49B-FB38-437A-9EFB-DB805B126956} = {D12D1390-9E1E-46EB-9CA5-AF9A1BD6DFD8}
		{91896BD5-6C44-4FED-B26F-A2259AED7A1E} = {D12D1390-9E1E-46EB-9CA5-AF9A1BD6DFD8}
		{A193BF7A-7498-41FD-B810-CD0C67C119ED} = {D12D1390-9E1E-46EB-9CA5-AF9A1BD6DFD8}
		{E8A5D00A-330F-44E9-90A1-8C6C1B1DCDEF} = {D12D1390-9E1E-46EB-9CA5-AF9A1BD6DFD8}
		{33981DCC-8D25-4F49-921C-F70E1B269DE9} = {D12D1390-9E1E-46EB-9CA5-AF9A1BD6DFD8}
		{42287434-26B6-4D48-BFC1-428B8D30CB4B} = {D12D1390-9E1E-46EB-9CA5-AF9A1BD6DFD8}
		{CD35E234-5E90-46A7-B28D-27962506F411} = {D12D1390-9E1E-46EB-9CA5-AF9A1BD6DFD8}
		{CBEBFFB8-2DCA-4066-816E-F903F35DD5E0} = {D12D1390-9E1E-46EB-9CA5-AF9A1BD6DFD8}
		{F64A39A7-C257-422C-9912-D6F13A5885F2} = {D12D1390-9E1E-46EB-9CA5-AF9A1BD6DFD8}
		{95ECECF9-702C-4E95-A634-5DB93B55FA34} = {D12D1390-9E1E-46EB-9CA5-AF9A1BD6DFD8}
	EndGlobalSection
	GlobalSection(ExtensibilityGlobals) = postSolution
		SolutionGuid = {3558EC70-D34D-4EF7-BE97-48A4F5D65F0F}
	EndGlobalSection
EndGlobal
