
Microsoft Visual Studio Solution File, Format Version 12.00
# Visual Studio Version 17
VisualStudioVersion = 17.1.32210.238
MinimumVisualStudioVersion = 10.0.40219.1
Project("{2150E333-8FDC-42A3-9474-1A3956D46DE8}") = "CrossCutting", "CrossCutting", "{43C5F594-39C1-4A0E-8FC3-56D24BB99A47}"
EndProject
Project("{2150E333-8FDC-42A3-9474-1A3956D46DE8}") = "Data", "Data", "{0937C992-5F3C-494D-95B4-F102C8450F74}"
EndProject
Project("{2150E333-8FDC-42A3-9474-1A3956D46DE8}") = "Logic", "Logic", "{1AC5E68F-7055-4BED-9213-48103284979D}"
EndProject
Project("{2150E333-8FDC-42A3-9474-1A3956D46DE8}") = "UI", "UI", "{663EDA9A-F100-4B50-8D1C-20BE8EA2651E}"
EndProject
Project("{9A19103F-16F7-4668-BE54-9A1E7A4F7556}") = "CrossCutting.Logging.Contract", "CrossCutting\CrossCutting.Logging.Contract\CrossCutting.Logging.Contract.csproj", "{B7C23E6D-E48E-471F-80E9-2608E2092763}"
EndProject
Project("{9A19103F-16F7-4668-BE54-9A1E7A4F7556}") = "CrossCutting.Logging.Csv", "CrossCutting\CrossCutting.Logging.Csv\CrossCutting.Logging.Csv.csproj", "{9E872AD7-0C3B-42A0-BA3A-DE3122D1E09A}"
EndProject
Project("{9A19103F-16F7-4668-BE54-9A1E7A4F7556}") = "CrossCutting.Logging.PrismWrapper", "CrossCutting\CrossCutting.Logging.PrismWrapper\CrossCutting.Logging.PrismWrapper.csproj", "{F37D8AA6-A642-4615-B5A3-D31A1BBC7EAD}"
EndProject
Project("{9A19103F-16F7-4668-BE54-9A1E7A4F7556}") = "CrossCutting.CommonMessages.Contract", "CrossCutting\CrossCutting.CommonMessages.Contract\CrossCutting.CommonMessages.Contract.csproj", "{4F39E52B-C626-41B8-BADD-16A3D6F20B1A}"
EndProject
Project("{9A19103F-16F7-4668-BE54-9A1E7A4F7556}") = "CrossCutting.Identifiable.DataClasses", "CrossCutting\CrossCutting.Identifiable.DataClasses\CrossCutting.Identifiable.DataClasses.csproj", "{E9D9C793-D8BF-4A19-A5C6-CA2183E02E04}"
EndProject
Project("{9A19103F-16F7-4668-BE54-9A1E7A4F7556}") = "Data.GenericDataStoring.Contract", "Data\Data.GenericDataStoring.Contract\Data.GenericDataStoring.Contract.csproj", "{B6B7E3B6-72BB-4B5C-AE86-E8F83D81EE43}"
EndProject
Project("{9A19103F-16F7-4668-BE54-9A1E7A4F7556}") = "Data.GenericDataStoring.NewtonsoftJson", "Data\Data.GenericDataStoring.NewtonsoftJson\Data.GenericDataStoring.NewtonsoftJson.csproj", "{9596463B-4E93-4800-9189-AAE83047A70F}"
EndProject
Project("{2150E333-8FDC-42A3-9474-1A3956D46DE8}") = "Core", "Core", "{6C20A490-DF10-4F6E-B2DA-415446DF87CD}"
EndProject
Project("{9A19103F-16F7-4668-BE54-9A1E7A4F7556}") = "CoCo.Core.Configuration.NewtonsoftJson", "CrossCutting\Core\CoCo.Core.Configuration.NewtonsoftJson\CoCo.Core.Configuration.NewtonsoftJson.csproj", "{68404F43-CBCE-48CA-9392-E1E5C48A0913}"
EndProject
Project("{9A19103F-16F7-4668-BE54-9A1E7A4F7556}") = "CoCo.Core.Configuration.NewtonsoftJson.Test", "CrossCutting\Core\CoCo.Core.Configuration.NewtonsoftJson.Test\CoCo.Core.Configuration.NewtonsoftJson.Test.csproj", "{52FC6157-6511-4D78-8B4A-2B9D8DB1305D}"
EndProject
Project("{9A19103F-16F7-4668-BE54-9A1E7A4F7556}") = "CrossCutting.ExceptionFormatter.Contract", "CrossCutting\CrossCutting.ExceptionFormatter.Contract\CrossCutting.ExceptionFormatter.Contract.csproj", "{393A6539-C220-4AD9-89CB-15C3EBA3217F}"
EndProject
Project("{9A19103F-16F7-4668-BE54-9A1E7A4F7556}") = "CrossCutting.ExceptionFormatter.SimpleListFormat", "CrossCutting\CrossCutting.ExceptionFormatter.SimpleListFormat\CrossCutting.ExceptionFormatter.SimpleListFormat.csproj", "{B3BF4A4A-A636-4F01-97DA-F74F367C4C0D}"
EndProject
Project("{9A19103F-16F7-4668-BE54-9A1E7A4F7556}") = "Data.GenericDataStoring.SqLite", "Data\Data.GenericDataStoring.SqLite\Data.GenericDataStoring.SqLite.csproj", "{5B495267-8EE6-476E-AD6C-F7114EE96B92}"
EndProject
Project("{9A19103F-16F7-4668-BE54-9A1E7A4F7556}") = "Logic.GenericManager.Contract", "Logic\GenericManager.Contract\Logic.GenericManager.Contract.csproj", "{1AB393D5-3E9D-4983-A60D-002790CA8B88}"
EndProject
Project("{9A19103F-16F7-4668-BE54-9A1E7A4F7556}") = "Logic.GenericManager", "Logic\GenericManager\Logic.GenericManager.csproj", "{817FEABC-7F84-4971-9A44-49C4739144E3}"
EndProject
Project("{2150E333-8FDC-42A3-9474-1A3956D46DE8}") = "Foundation", "Foundation", "{827EC198-75C9-43C0-8E8E-5824ED542C65}"
EndProject
Project("{9A19103F-16F7-4668-BE54-9A1E7A4F7556}") = "Logic.Foundation.Translation.Contract", "Logic\Foundation\Logic.Foundation.Translation.Contract\Logic.Foundation.Translation.Contract.csproj", "{9205EAF8-35E5-4339-BFB5-B4F5355B5227}"
EndProject
Project("{9A19103F-16F7-4668-BE54-9A1E7A4F7556}") = "Logic.Foundation.Translation.ResourceFile", "Logic\Foundation\Logic.Foundation.Translation\Logic.Foundation.Translation.ResourceFile.csproj", "{44C8FA20-A30C-4138-B279-59131A014832}"
EndProject
Project("{9A19103F-16F7-4668-BE54-9A1E7A4F7556}") = "Logic.Foundation.DelayedActionExecution.Contract", "Logic\Foundation\Logic.Foundation.DelayedDelegateExecutor.Contract\Logic.Foundation.DelayedActionExecution.Contract.csproj", "{6E46D195-9998-4D63-A3F9-752642948F3A}"
EndProject
Project("{9A19103F-16F7-4668-BE54-9A1E7A4F7556}") = "Logic.Foundation.DelayedActionExecution", "Logic\Foundation\Logic.Foundation.DelayedDelegateExecutor\Logic.Foundation.DelayedActionExecution.csproj", "{D180677A-E6D6-4723-8F3A-DE60C9FC821C}"
EndProject
Project("{2150E333-8FDC-42A3-9474-1A3956D46DE8}") = "Solution Items", "Solution Items", "{D743AC65-1C2A-4A88-B973-28CE9D19A34A}"
	ProjectSection(SolutionItems) = preProject
		FatebladeProjectDefaultsImport.msb.xml = FatebladeProjectDefaultsImport.msb.xml
		ToDo.md = ToDo.md
	EndProjectSection
EndProject
Project("{9A19103F-16F7-4668-BE54-9A1E7A4F7556}") = "Logic.Foundation.FeatureTrackingComponent.Contract", "Logic\Foundation\Logic.Foundation.FeatureTrackingComponent.Contract\Logic.Foundation.FeatureTrackingComponent.Contract.csproj", "{F8DD8D5F-779F-4C9C-B2C3-878A96BBFA40}"
EndProject
Project("{9A19103F-16F7-4668-BE54-9A1E7A4F7556}") = "Logic.Foundation.FeatureTrackingComponent", "Logic\Foundation\Logic.Foundation.FeatureTrackingComponent\Logic.Foundation.FeatureTrackingComponent.csproj", "{A8BA528F-E393-4607-ABA6-ACE2CFB1B6B0}"
EndProject
Project("{9A19103F-16F7-4668-BE54-9A1E7A4F7556}") = "Logic.Foundation.ConsentManager", "Logic\Foundation\Logic.Foundation.ConsentManager\Logic.Foundation.ConsentManager.csproj", "{9D19F95B-384A-4BDF-A0DE-3AD8BCC71C7B}"
EndProject
Project("{9A19103F-16F7-4668-BE54-9A1E7A4F7556}") = "Logic.Foundation.ConsentManager.Contract", "Logic\Foundation\Logic.Foundation.ConsentManager.Contract\Logic.Foundation.ConsentManager.Contract.csproj", "{1AC7B442-6CAA-4DAF-8728-B189C3731A3D}"
EndProject
Project("{9A19103F-16F7-4668-BE54-9A1E7A4F7556}") = "Logic.Foundation.Orchestration.Contract", "Logic\Foundation\Logic.Foundation.Orchestration.Contract\Logic.Foundation.Orchestration.Contract.csproj", "{290702DB-63EB-4788-9AA7-B40D8E420839}"
EndProject
Project("{9A19103F-16F7-4668-BE54-9A1E7A4F7556}") = "UI.WPF.ViewModelMapper.Contract", "UI\WPF\UI.WPF.ViewModelMapper.Contract\UI.WPF.ViewModelMapper.Contract.csproj", "{9227DA0B-DAF5-48CC-A783-4C629455130A}"
EndProject
Project("{2150E333-8FDC-42A3-9474-1A3956D46DE8}") = "WPF", "WPF", "{6BF4E293-4BE5-4E06-9A0E-A5D20CD7E7EE}"
EndProject
Project("{9A19103F-16F7-4668-BE54-9A1E7A4F7556}") = "Logic.Foundation.Orchestration", "Logic\Foundation\Logic.Foundation.Orchestration\Logic.Foundation.Orchestration.csproj", "{67240409-C612-4C5D-AADD-70FA81AE9C2D}"
EndProject
Project("{9A19103F-16F7-4668-BE54-9A1E7A4F7556}") = "UI.WPF.ViewModelMapper", "UI\WPF\UI.WPF.ViewModelMapper\UI.WPF.ViewModelMapper.csproj", "{FD18A87B-5748-4C6E-88B5-6128A7419C2E}"
EndProject
Project("{9A19103F-16F7-4668-BE54-9A1E7A4F7556}") = "CrossCutting.ApplicationBase", "CrossCutting\CrossCutting.ApplicationBase\CrossCutting.ApplicationBase.csproj", "{17B2272E-2A70-4ADE-A934-F4C6C26F0C17}"
EndProject
Project("{9A19103F-16F7-4668-BE54-9A1E7A4F7556}") = "Data.ApplicationBase.DataStoring.Contract", "Data\Data.ApplicationBase.DataStoring.Contract\Data.ApplicationBase.DataStoring.Contract.csproj", "{EF1CA28B-D8D8-4F70-9183-D91CCCA058A2}"
EndProject
Project("{9A19103F-16F7-4668-BE54-9A1E7A4F7556}") = "Data.ApplicationBase.DataStoring.NewtonsoftJson", "Data\Data.ApplicationBase.DataStoring.NewtonsoftJson\Data.ApplicationBase.DataStoring.NewtonsoftJson.csproj", "{19B9E503-F5CE-47E6-9DDE-B0E3FC740C4E}"
EndProject
Project("{9A19103F-16F7-4668-BE54-9A1E7A4F7556}") = "Data.ApplicationBase.DataStoring.NewtonsoftJson.Tests", "Data\Data.ApplicationBase.DataStoring.NewtonsoftJson.Tests\Data.ApplicationBase.DataStoring.NewtonsoftJson.Tests.csproj", "{562E274F-9844-478E-BDC3-0E3F8EAA2B93}"
EndProject
Project("{9A19103F-16F7-4668-BE54-9A1E7A4F7556}") = "Logic.Foundation.ApplicationBaseManager.Contract", "Logic\Foundation\Logic.Foundation.ApplicationBaseManager.Contract\Logic.Foundation.ApplicationBaseManager.Contract.csproj", "{75DD2632-7B30-4CA0-B3B4-22DD4A535D23}"
EndProject
Project("{9A19103F-16F7-4668-BE54-9A1E7A4F7556}") = "Logic.Foundation.ApplicationBaseManager", "Logic\Foundation\Logic.Foundation.ApplicationBaseManager\Logic.Foundation.ApplicationBaseManager.csproj", "{55B40DCD-373F-4276-A83E-DEC081C46C28}"
EndProject
Project("{2150E333-8FDC-42A3-9474-1A3956D46DE8}") = "Snippets", "Snippets", "{8BB82621-A64D-4FDE-BE4B-901784B3C661}"
EndProject
Project("{9A19103F-16F7-4668-BE54-9A1E7A4F7556}") = "Snippets", "Snippets\Snippets.csproj", "{A4B7028D-3632-4909-AD44-4BB29DED6206}"
EndProject
Project("{2150E333-8FDC-42A3-9474-1A3956D46DE8}") = "Console", "Console", "{F3A43F30-2631-43C3-B476-47DDDA3C413B}"
EndProject
Project("{9A19103F-16F7-4668-BE54-9A1E7A4F7556}") = "UI.Console.JsonDataModifier", "UI\Console\UI.Console.JsonDataModifier\UI.Console.JsonDataModifier.csproj", "{DE78E4DC-B033-4FB7-A711-B6BB8151B957}"
EndProject
Project("{9A19103F-16F7-4668-BE54-9A1E7A4F7556}") = "Logic.Foundation.OCR.Tesseract", "Logic\Foundation\Logic.Foundation.OCR.Tesseract\Logic.Foundation.OCR.Tesseract.csproj", "{5ECA331D-EBD8-4419-8DC3-3DC88E698DDB}"
EndProject
Project("{9A19103F-16F7-4668-BE54-9A1E7A4F7556}") = "Logic.Foundation.OCR.Contract", "Logic\Foundation\Logic.Foundation.OCR.Contract\Logic.Foundation.OCR.Contract.csproj", "{889DE67A-9243-45FB-B293-BFBB698A5487}"
EndProject
Project("{9A19103F-16F7-4668-BE54-9A1E7A4F7556}") = "UI.Console.OcrTester", "UI\Console\UI.Console.OcrTester\UI.Console.OcrTester.csproj", "{DAF469BE-D10E-44BB-8A9C-EBBDBE895C3E}"
EndProject
Project("{9A19103F-16F7-4668-BE54-9A1E7A4F7556}") = "Logic.Foundation.CustomDateTime.Contract", "Logic\Foundation\Logic.Foundation.CustomDateTime.Contract\Logic.Foundation.CustomDateTime.Contract.csproj", "{F2520B6A-323C-4849-8A21-699AC3144E4F}"
EndProject
Project("{9A19103F-16F7-4668-BE54-9A1E7A4F7556}") = "Logic.Foundation.CustomDateTime", "Logic\Foundation\Logic.Foundation.CustomDateTime\Logic.Foundation.CustomDateTime.csproj", "{81031F37-57BE-4A1A-9A71-F3DEE901837E}"
EndProject
Project("{9A19103F-16F7-4668-BE54-9A1E7A4F7556}") = "Logic.Foundation.CustomDateTime.Tests", "Logic\Foundation\Logic.Foundation.CustomDateTime.Tests\Logic.Foundation.CustomDateTime.Tests.csproj", "{8D0DC76A-48D4-4B17-8FC0-D09AC1FE23E0}"
EndProject
Project("{FAE04EC0-301F-11D3-BF4B-00C04F79EFBC}") = "Data.GenericDataStoring.SqLite.Tests", "Data\Data.GenericDataStoring.SqLite.Tests\Data.GenericDataStoring.SqLite.Tests.csproj", "{A1838400-7217-4BD6-8A85-2F993EA54E96}"
EndProject
Project("{FAE04EC0-301F-11D3-BF4B-00C04F79EFBC}") = "Data.GenericDataStoring.MariaDb", "Data\Data.GenericDataStoring.MariaDb\Data.GenericDataStoring.MariaDb.csproj", "{C2EAB4C9-67CF-4507-9B4C-E04D912D4350}"
EndProject
Project("{FAE04EC0-301F-11D3-BF4B-00C04F79EFBC}") = "Data.GenericDataStoring.MariaDb.Tests", "Data\Data.GenericDataStoring.MariaDb.Tests\Data.GenericDataStoring.MariaDb.Tests.csproj", "{A076FF3E-EBC2-474C-B216-766014DD59EF}"
EndProject
Global
	GlobalSection(SolutionConfigurationPlatforms) = preSolution
		Debug|Any CPU = Debug|Any CPU
		Debug|x64 = Debug|x64
		Debug|x86 = Debug|x86
		Release|Any CPU = Release|Any CPU
		Release|x64 = Release|x64
		Release|x86 = Release|x86
	EndGlobalSection
	GlobalSection(ProjectConfigurationPlatforms) = postSolution
		{B7C23E6D-E48E-471F-80E9-2608E2092763}.Debug|Any CPU.ActiveCfg = Debug|Any CPU
		{B7C23E6D-E48E-471F-80E9-2608E2092763}.Debug|Any CPU.Build.0 = Debug|Any CPU
		{B7C23E6D-E48E-471F-80E9-2608E2092763}.Debug|x64.ActiveCfg = Debug|Any CPU
		{B7C23E6D-E48E-471F-80E9-2608E2092763}.Debug|x64.Build.0 = Debug|Any CPU
		{B7C23E6D-E48E-471F-80E9-2608E2092763}.Debug|x86.ActiveCfg = Debug|Any CPU
		{B7C23E6D-E48E-471F-80E9-2608E2092763}.Debug|x86.Build.0 = Debug|Any CPU
		{B7C23E6D-E48E-471F-80E9-2608E2092763}.Release|Any CPU.ActiveCfg = Release|Any CPU
		{B7C23E6D-E48E-471F-80E9-2608E2092763}.Release|Any CPU.Build.0 = Release|Any CPU
		{B7C23E6D-E48E-471F-80E9-2608E2092763}.Release|x64.ActiveCfg = Release|Any CPU
		{B7C23E6D-E48E-471F-80E9-2608E2092763}.Release|x64.Build.0 = Release|Any CPU
		{B7C23E6D-E48E-471F-80E9-2608E2092763}.Release|x86.ActiveCfg = Release|Any CPU
		{B7C23E6D-E48E-471F-80E9-2608E2092763}.Release|x86.Build.0 = Release|Any CPU
		{9E872AD7-0C3B-42A0-BA3A-DE3122D1E09A}.Debug|Any CPU.ActiveCfg = Debug|Any CPU
		{9E872AD7-0C3B-42A0-BA3A-DE3122D1E09A}.Debug|Any CPU.Build.0 = Debug|Any CPU
		{9E872AD7-0C3B-42A0-BA3A-DE3122D1E09A}.Debug|x64.ActiveCfg = Debug|Any CPU
		{9E872AD7-0C3B-42A0-BA3A-DE3122D1E09A}.Debug|x64.Build.0 = Debug|Any CPU
		{9E872AD7-0C3B-42A0-BA3A-DE3122D1E09A}.Debug|x86.ActiveCfg = Debug|Any CPU
		{9E872AD7-0C3B-42A0-BA3A-DE3122D1E09A}.Debug|x86.Build.0 = Debug|Any CPU
		{9E872AD7-0C3B-42A0-BA3A-DE3122D1E09A}.Release|Any CPU.ActiveCfg = Release|Any CPU
		{9E872AD7-0C3B-42A0-BA3A-DE3122D1E09A}.Release|Any CPU.Build.0 = Release|Any CPU
		{9E872AD7-0C3B-42A0-BA3A-DE3122D1E09A}.Release|x64.ActiveCfg = Release|Any CPU
		{9E872AD7-0C3B-42A0-BA3A-DE3122D1E09A}.Release|x64.Build.0 = Release|Any CPU
		{9E872AD7-0C3B-42A0-BA3A-DE3122D1E09A}.Release|x86.ActiveCfg = Release|Any CPU
		{9E872AD7-0C3B-42A0-BA3A-DE3122D1E09A}.Release|x86.Build.0 = Release|Any CPU
		{F37D8AA6-A642-4615-B5A3-D31A1BBC7EAD}.Debug|Any CPU.ActiveCfg = Debug|Any CPU
		{F37D8AA6-A642-4615-B5A3-D31A1BBC7EAD}.Debug|Any CPU.Build.0 = Debug|Any CPU
		{F37D8AA6-A642-4615-B5A3-D31A1BBC7EAD}.Debug|x64.ActiveCfg = Debug|Any CPU
		{F37D8AA6-A642-4615-B5A3-D31A1BBC7EAD}.Debug|x64.Build.0 = Debug|Any CPU
		{F37D8AA6-A642-4615-B5A3-D31A1BBC7EAD}.Debug|x86.ActiveCfg = Debug|Any CPU
		{F37D8AA6-A642-4615-B5A3-D31A1BBC7EAD}.Debug|x86.Build.0 = Debug|Any CPU
		{F37D8AA6-A642-4615-B5A3-D31A1BBC7EAD}.Release|Any CPU.ActiveCfg = Release|Any CPU
		{F37D8AA6-A642-4615-B5A3-D31A1BBC7EAD}.Release|Any CPU.Build.0 = Release|Any CPU
		{F37D8AA6-A642-4615-B5A3-D31A1BBC7EAD}.Release|x64.ActiveCfg = Release|Any CPU
		{F37D8AA6-A642-4615-B5A3-D31A1BBC7EAD}.Release|x64.Build.0 = Release|Any CPU
		{F37D8AA6-A642-4615-B5A3-D31A1BBC7EAD}.Release|x86.ActiveCfg = Release|Any CPU
		{F37D8AA6-A642-4615-B5A3-D31A1BBC7EAD}.Release|x86.Build.0 = Release|Any CPU
		{4F39E52B-C626-41B8-BADD-16A3D6F20B1A}.Debug|Any CPU.ActiveCfg = Debug|Any CPU
		{4F39E52B-C626-41B8-BADD-16A3D6F20B1A}.Debug|Any CPU.Build.0 = Debug|Any CPU
		{4F39E52B-C626-41B8-BADD-16A3D6F20B1A}.Debug|x64.ActiveCfg = Debug|Any CPU
		{4F39E52B-C626-41B8-BADD-16A3D6F20B1A}.Debug|x64.Build.0 = Debug|Any CPU
		{4F39E52B-C626-41B8-BADD-16A3D6F20B1A}.Debug|x86.ActiveCfg = Debug|Any CPU
		{4F39E52B-C626-41B8-BADD-16A3D6F20B1A}.Debug|x86.Build.0 = Debug|Any CPU
		{4F39E52B-C626-41B8-BADD-16A3D6F20B1A}.Release|Any CPU.ActiveCfg = Release|Any CPU
		{4F39E52B-C626-41B8-BADD-16A3D6F20B1A}.Release|Any CPU.Build.0 = Release|Any CPU
		{4F39E52B-C626-41B8-BADD-16A3D6F20B1A}.Release|x64.ActiveCfg = Release|Any CPU
		{4F39E52B-C626-41B8-BADD-16A3D6F20B1A}.Release|x64.Build.0 = Release|Any CPU
		{4F39E52B-C626-41B8-BADD-16A3D6F20B1A}.Release|x86.ActiveCfg = Release|Any CPU
		{4F39E52B-C626-41B8-BADD-16A3D6F20B1A}.Release|x86.Build.0 = Release|Any CPU
		{E9D9C793-D8BF-4A19-A5C6-CA2183E02E04}.Debug|Any CPU.ActiveCfg = Debug|Any CPU
		{E9D9C793-D8BF-4A19-A5C6-CA2183E02E04}.Debug|Any CPU.Build.0 = Debug|Any CPU
		{E9D9C793-D8BF-4A19-A5C6-CA2183E02E04}.Debug|x64.ActiveCfg = Debug|Any CPU
		{E9D9C793-D8BF-4A19-A5C6-CA2183E02E04}.Debug|x64.Build.0 = Debug|Any CPU
		{E9D9C793-D8BF-4A19-A5C6-CA2183E02E04}.Debug|x86.ActiveCfg = Debug|Any CPU
		{E9D9C793-D8BF-4A19-A5C6-CA2183E02E04}.Debug|x86.Build.0 = Debug|Any CPU
		{E9D9C793-D8BF-4A19-A5C6-CA2183E02E04}.Release|Any CPU.ActiveCfg = Release|Any CPU
		{E9D9C793-D8BF-4A19-A5C6-CA2183E02E04}.Release|Any CPU.Build.0 = Release|Any CPU
		{E9D9C793-D8BF-4A19-A5C6-CA2183E02E04}.Release|x64.ActiveCfg = Release|Any CPU
		{E9D9C793-D8BF-4A19-A5C6-CA2183E02E04}.Release|x64.Build.0 = Release|Any CPU
		{E9D9C793-D8BF-4A19-A5C6-CA2183E02E04}.Release|x86.ActiveCfg = Release|Any CPU
		{E9D9C793-D8BF-4A19-A5C6-CA2183E02E04}.Release|x86.Build.0 = Release|Any CPU
		{B6B7E3B6-72BB-4B5C-AE86-E8F83D81EE43}.Debug|Any CPU.ActiveCfg = Debug|Any CPU
		{B6B7E3B6-72BB-4B5C-AE86-E8F83D81EE43}.Debug|Any CPU.Build.0 = Debug|Any CPU
		{B6B7E3B6-72BB-4B5C-AE86-E8F83D81EE43}.Debug|x64.ActiveCfg = Debug|Any CPU
		{B6B7E3B6-72BB-4B5C-AE86-E8F83D81EE43}.Debug|x64.Build.0 = Debug|Any CPU
		{B6B7E3B6-72BB-4B5C-AE86-E8F83D81EE43}.Debug|x86.ActiveCfg = Debug|Any CPU
		{B6B7E3B6-72BB-4B5C-AE86-E8F83D81EE43}.Debug|x86.Build.0 = Debug|Any CPU
		{B6B7E3B6-72BB-4B5C-AE86-E8F83D81EE43}.Release|Any CPU.ActiveCfg = Release|Any CPU
		{B6B7E3B6-72BB-4B5C-AE86-E8F83D81EE43}.Release|Any CPU.Build.0 = Release|Any CPU
		{B6B7E3B6-72BB-4B5C-AE86-E8F83D81EE43}.Release|x64.ActiveCfg = Release|Any CPU
		{B6B7E3B6-72BB-4B5C-AE86-E8F83D81EE43}.Release|x64.Build.0 = Release|Any CPU
		{B6B7E3B6-72BB-4B5C-AE86-E8F83D81EE43}.Release|x86.ActiveCfg = Release|Any CPU
		{B6B7E3B6-72BB-4B5C-AE86-E8F83D81EE43}.Release|x86.Build.0 = Release|Any CPU
		{9596463B-4E93-4800-9189-AAE83047A70F}.Debug|Any CPU.ActiveCfg = Debug|Any CPU
		{9596463B-4E93-4800-9189-AAE83047A70F}.Debug|Any CPU.Build.0 = Debug|Any CPU
		{9596463B-4E93-4800-9189-AAE83047A70F}.Debug|x64.ActiveCfg = Debug|Any CPU
		{9596463B-4E93-4800-9189-AAE83047A70F}.Debug|x64.Build.0 = Debug|Any CPU
		{9596463B-4E93-4800-9189-AAE83047A70F}.Debug|x86.ActiveCfg = Debug|Any CPU
		{9596463B-4E93-4800-9189-AAE83047A70F}.Debug|x86.Build.0 = Debug|Any CPU
		{9596463B-4E93-4800-9189-AAE83047A70F}.Release|Any CPU.ActiveCfg = Release|Any CPU
		{9596463B-4E93-4800-9189-AAE83047A70F}.Release|Any CPU.Build.0 = Release|Any CPU
		{9596463B-4E93-4800-9189-AAE83047A70F}.Release|x64.ActiveCfg = Release|Any CPU
		{9596463B-4E93-4800-9189-AAE83047A70F}.Release|x64.Build.0 = Release|Any CPU
		{9596463B-4E93-4800-9189-AAE83047A70F}.Release|x86.ActiveCfg = Release|Any CPU
		{9596463B-4E93-4800-9189-AAE83047A70F}.Release|x86.Build.0 = Release|Any CPU
		{68404F43-CBCE-48CA-9392-E1E5C48A0913}.Debug|Any CPU.ActiveCfg = Debug|Any CPU
		{68404F43-CBCE-48CA-9392-E1E5C48A0913}.Debug|Any CPU.Build.0 = Debug|Any CPU
		{68404F43-CBCE-48CA-9392-E1E5C48A0913}.Debug|x64.ActiveCfg = Debug|Any CPU
		{68404F43-CBCE-48CA-9392-E1E5C48A0913}.Debug|x64.Build.0 = Debug|Any CPU
		{68404F43-CBCE-48CA-9392-E1E5C48A0913}.Debug|x86.ActiveCfg = Debug|Any CPU
		{68404F43-CBCE-48CA-9392-E1E5C48A0913}.Debug|x86.Build.0 = Debug|Any CPU
		{68404F43-CBCE-48CA-9392-E1E5C48A0913}.Release|Any CPU.ActiveCfg = Release|Any CPU
		{68404F43-CBCE-48CA-9392-E1E5C48A0913}.Release|Any CPU.Build.0 = Release|Any CPU
		{68404F43-CBCE-48CA-9392-E1E5C48A0913}.Release|x64.ActiveCfg = Release|Any CPU
		{68404F43-CBCE-48CA-9392-E1E5C48A0913}.Release|x64.Build.0 = Release|Any CPU
		{68404F43-CBCE-48CA-9392-E1E5C48A0913}.Release|x86.ActiveCfg = Release|Any CPU
		{68404F43-CBCE-48CA-9392-E1E5C48A0913}.Release|x86.Build.0 = Release|Any CPU
		{52FC6157-6511-4D78-8B4A-2B9D8DB1305D}.Debug|Any CPU.ActiveCfg = Debug|Any CPU
		{52FC6157-6511-4D78-8B4A-2B9D8DB1305D}.Debug|Any CPU.Build.0 = Debug|Any CPU
		{52FC6157-6511-4D78-8B4A-2B9D8DB1305D}.Debug|x64.ActiveCfg = Debug|Any CPU
		{52FC6157-6511-4D78-8B4A-2B9D8DB1305D}.Debug|x64.Build.0 = Debug|Any CPU
		{52FC6157-6511-4D78-8B4A-2B9D8DB1305D}.Debug|x86.ActiveCfg = Debug|Any CPU
		{52FC6157-6511-4D78-8B4A-2B9D8DB1305D}.Debug|x86.Build.0 = Debug|Any CPU
		{52FC6157-6511-4D78-8B4A-2B9D8DB1305D}.Release|Any CPU.ActiveCfg = Release|Any CPU
		{52FC6157-6511-4D78-8B4A-2B9D8DB1305D}.Release|Any CPU.Build.0 = Release|Any CPU
		{52FC6157-6511-4D78-8B4A-2B9D8DB1305D}.Release|x64.ActiveCfg = Release|Any CPU
		{52FC6157-6511-4D78-8B4A-2B9D8DB1305D}.Release|x64.Build.0 = Release|Any CPU
		{52FC6157-6511-4D78-8B4A-2B9D8DB1305D}.Release|x86.ActiveCfg = Release|Any CPU
		{52FC6157-6511-4D78-8B4A-2B9D8DB1305D}.Release|x86.Build.0 = Release|Any CPU
		{393A6539-C220-4AD9-89CB-15C3EBA3217F}.Debug|Any CPU.ActiveCfg = Debug|Any CPU
		{393A6539-C220-4AD9-89CB-15C3EBA3217F}.Debug|Any CPU.Build.0 = Debug|Any CPU
		{393A6539-C220-4AD9-89CB-15C3EBA3217F}.Debug|x64.ActiveCfg = Debug|Any CPU
		{393A6539-C220-4AD9-89CB-15C3EBA3217F}.Debug|x64.Build.0 = Debug|Any CPU
		{393A6539-C220-4AD9-89CB-15C3EBA3217F}.Debug|x86.ActiveCfg = Debug|Any CPU
		{393A6539-C220-4AD9-89CB-15C3EBA3217F}.Debug|x86.Build.0 = Debug|Any CPU
		{393A6539-C220-4AD9-89CB-15C3EBA3217F}.Release|Any CPU.ActiveCfg = Release|Any CPU
		{393A6539-C220-4AD9-89CB-15C3EBA3217F}.Release|Any CPU.Build.0 = Release|Any CPU
		{393A6539-C220-4AD9-89CB-15C3EBA3217F}.Release|x64.ActiveCfg = Release|Any CPU
		{393A6539-C220-4AD9-89CB-15C3EBA3217F}.Release|x64.Build.0 = Release|Any CPU
		{393A6539-C220-4AD9-89CB-15C3EBA3217F}.Release|x86.ActiveCfg = Release|Any CPU
		{393A6539-C220-4AD9-89CB-15C3EBA3217F}.Release|x86.Build.0 = Release|Any CPU
		{B3BF4A4A-A636-4F01-97DA-F74F367C4C0D}.Debug|Any CPU.ActiveCfg = Debug|Any CPU
		{B3BF4A4A-A636-4F01-97DA-F74F367C4C0D}.Debug|Any CPU.Build.0 = Debug|Any CPU
		{B3BF4A4A-A636-4F01-97DA-F74F367C4C0D}.Debug|x64.ActiveCfg = Debug|Any CPU
		{B3BF4A4A-A636-4F01-97DA-F74F367C4C0D}.Debug|x64.Build.0 = Debug|Any CPU
		{B3BF4A4A-A636-4F01-97DA-F74F367C4C0D}.Debug|x86.ActiveCfg = Debug|Any CPU
		{B3BF4A4A-A636-4F01-97DA-F74F367C4C0D}.Debug|x86.Build.0 = Debug|Any CPU
		{B3BF4A4A-A636-4F01-97DA-F74F367C4C0D}.Release|Any CPU.ActiveCfg = Release|Any CPU
		{B3BF4A4A-A636-4F01-97DA-F74F367C4C0D}.Release|Any CPU.Build.0 = Release|Any CPU
		{B3BF4A4A-A636-4F01-97DA-F74F367C4C0D}.Release|x64.ActiveCfg = Release|Any CPU
		{B3BF4A4A-A636-4F01-97DA-F74F367C4C0D}.Release|x64.Build.0 = Release|Any CPU
		{B3BF4A4A-A636-4F01-97DA-F74F367C4C0D}.Release|x86.ActiveCfg = Release|Any CPU
		{B3BF4A4A-A636-4F01-97DA-F74F367C4C0D}.Release|x86.Build.0 = Release|Any CPU
		{5B495267-8EE6-476E-AD6C-F7114EE96B92}.Debug|Any CPU.ActiveCfg = Debug|Any CPU
		{5B495267-8EE6-476E-AD6C-F7114EE96B92}.Debug|Any CPU.Build.0 = Debug|Any CPU
		{5B495267-8EE6-476E-AD6C-F7114EE96B92}.Debug|x64.ActiveCfg = Debug|Any CPU
		{5B495267-8EE6-476E-AD6C-F7114EE96B92}.Debug|x64.Build.0 = Debug|Any CPU
		{5B495267-8EE6-476E-AD6C-F7114EE96B92}.Debug|x86.ActiveCfg = Debug|Any CPU
		{5B495267-8EE6-476E-AD6C-F7114EE96B92}.Debug|x86.Build.0 = Debug|Any CPU
		{5B495267-8EE6-476E-AD6C-F7114EE96B92}.Release|Any CPU.ActiveCfg = Release|Any CPU
		{5B495267-8EE6-476E-AD6C-F7114EE96B92}.Release|Any CPU.Build.0 = Release|Any CPU
		{5B495267-8EE6-476E-AD6C-F7114EE96B92}.Release|x64.ActiveCfg = Release|Any CPU
		{5B495267-8EE6-476E-AD6C-F7114EE96B92}.Release|x64.Build.0 = Release|Any CPU
		{5B495267-8EE6-476E-AD6C-F7114EE96B92}.Release|x86.ActiveCfg = Release|Any CPU
		{5B495267-8EE6-476E-AD6C-F7114EE96B92}.Release|x86.Build.0 = Release|Any CPU
		{1AB393D5-3E9D-4983-A60D-002790CA8B88}.Debug|Any CPU.ActiveCfg = Debug|Any CPU
		{1AB393D5-3E9D-4983-A60D-002790CA8B88}.Debug|Any CPU.Build.0 = Debug|Any CPU
		{1AB393D5-3E9D-4983-A60D-002790CA8B88}.Debug|x64.ActiveCfg = Debug|Any CPU
		{1AB393D5-3E9D-4983-A60D-002790CA8B88}.Debug|x64.Build.0 = Debug|Any CPU
		{1AB393D5-3E9D-4983-A60D-002790CA8B88}.Debug|x86.ActiveCfg = Debug|Any CPU
		{1AB393D5-3E9D-4983-A60D-002790CA8B88}.Debug|x86.Build.0 = Debug|Any CPU
		{1AB393D5-3E9D-4983-A60D-002790CA8B88}.Release|Any CPU.ActiveCfg = Release|Any CPU
		{1AB393D5-3E9D-4983-A60D-002790CA8B88}.Release|Any CPU.Build.0 = Release|Any CPU
		{1AB393D5-3E9D-4983-A60D-002790CA8B88}.Release|x64.ActiveCfg = Release|Any CPU
		{1AB393D5-3E9D-4983-A60D-002790CA8B88}.Release|x64.Build.0 = Release|Any CPU
		{1AB393D5-3E9D-4983-A60D-002790CA8B88}.Release|x86.ActiveCfg = Release|Any CPU
		{1AB393D5-3E9D-4983-A60D-002790CA8B88}.Release|x86.Build.0 = Release|Any CPU
		{817FEABC-7F84-4971-9A44-49C4739144E3}.Debug|Any CPU.ActiveCfg = Debug|Any CPU
		{817FEABC-7F84-4971-9A44-49C4739144E3}.Debug|Any CPU.Build.0 = Debug|Any CPU
		{817FEABC-7F84-4971-9A44-49C4739144E3}.Debug|x64.ActiveCfg = Debug|Any CPU
		{817FEABC-7F84-4971-9A44-49C4739144E3}.Debug|x64.Build.0 = Debug|Any CPU
		{817FEABC-7F84-4971-9A44-49C4739144E3}.Debug|x86.ActiveCfg = Debug|Any CPU
		{817FEABC-7F84-4971-9A44-49C4739144E3}.Debug|x86.Build.0 = Debug|Any CPU
		{817FEABC-7F84-4971-9A44-49C4739144E3}.Release|Any CPU.ActiveCfg = Release|Any CPU
		{817FEABC-7F84-4971-9A44-49C4739144E3}.Release|Any CPU.Build.0 = Release|Any CPU
		{817FEABC-7F84-4971-9A44-49C4739144E3}.Release|x64.ActiveCfg = Release|Any CPU
		{817FEABC-7F84-4971-9A44-49C4739144E3}.Release|x64.Build.0 = Release|Any CPU
		{817FEABC-7F84-4971-9A44-49C4739144E3}.Release|x86.ActiveCfg = Release|Any CPU
		{817FEABC-7F84-4971-9A44-49C4739144E3}.Release|x86.Build.0 = Release|Any CPU
		{9205EAF8-35E5-4339-BFB5-B4F5355B5227}.Debug|Any CPU.ActiveCfg = Debug|Any CPU
		{9205EAF8-35E5-4339-BFB5-B4F5355B5227}.Debug|Any CPU.Build.0 = Debug|Any CPU
		{9205EAF8-35E5-4339-BFB5-B4F5355B5227}.Debug|x64.ActiveCfg = Debug|Any CPU
		{9205EAF8-35E5-4339-BFB5-B4F5355B5227}.Debug|x64.Build.0 = Debug|Any CPU
		{9205EAF8-35E5-4339-BFB5-B4F5355B5227}.Debug|x86.ActiveCfg = Debug|Any CPU
		{9205EAF8-35E5-4339-BFB5-B4F5355B5227}.Debug|x86.Build.0 = Debug|Any CPU
		{9205EAF8-35E5-4339-BFB5-B4F5355B5227}.Release|Any CPU.ActiveCfg = Release|Any CPU
		{9205EAF8-35E5-4339-BFB5-B4F5355B5227}.Release|Any CPU.Build.0 = Release|Any CPU
		{9205EAF8-35E5-4339-BFB5-B4F5355B5227}.Release|x64.ActiveCfg = Release|Any CPU
		{9205EAF8-35E5-4339-BFB5-B4F5355B5227}.Release|x64.Build.0 = Release|Any CPU
		{9205EAF8-35E5-4339-BFB5-B4F5355B5227}.Release|x86.ActiveCfg = Release|Any CPU
		{9205EAF8-35E5-4339-BFB5-B4F5355B5227}.Release|x86.Build.0 = Release|Any CPU
		{44C8FA20-A30C-4138-B279-59131A014832}.Debug|Any CPU.ActiveCfg = Debug|Any CPU
		{44C8FA20-A30C-4138-B279-59131A014832}.Debug|Any CPU.Build.0 = Debug|Any CPU
		{44C8FA20-A30C-4138-B279-59131A014832}.Debug|x64.ActiveCfg = Debug|Any CPU
		{44C8FA20-A30C-4138-B279-59131A014832}.Debug|x64.Build.0 = Debug|Any CPU
		{44C8FA20-A30C-4138-B279-59131A014832}.Debug|x86.ActiveCfg = Debug|Any CPU
		{44C8FA20-A30C-4138-B279-59131A014832}.Debug|x86.Build.0 = Debug|Any CPU
		{44C8FA20-A30C-4138-B279-59131A014832}.Release|Any CPU.ActiveCfg = Release|Any CPU
		{44C8FA20-A30C-4138-B279-59131A014832}.Release|Any CPU.Build.0 = Release|Any CPU
		{44C8FA20-A30C-4138-B279-59131A014832}.Release|x64.ActiveCfg = Release|Any CPU
		{44C8FA20-A30C-4138-B279-59131A014832}.Release|x64.Build.0 = Release|Any CPU
		{44C8FA20-A30C-4138-B279-59131A014832}.Release|x86.ActiveCfg = Release|Any CPU
		{44C8FA20-A30C-4138-B279-59131A014832}.Release|x86.Build.0 = Release|Any CPU
		{6E46D195-9998-4D63-A3F9-752642948F3A}.Debug|Any CPU.ActiveCfg = Debug|Any CPU
		{6E46D195-9998-4D63-A3F9-752642948F3A}.Debug|Any CPU.Build.0 = Debug|Any CPU
		{6E46D195-9998-4D63-A3F9-752642948F3A}.Debug|x64.ActiveCfg = Debug|Any CPU
		{6E46D195-9998-4D63-A3F9-752642948F3A}.Debug|x64.Build.0 = Debug|Any CPU
		{6E46D195-9998-4D63-A3F9-752642948F3A}.Debug|x86.ActiveCfg = Debug|Any CPU
		{6E46D195-9998-4D63-A3F9-752642948F3A}.Debug|x86.Build.0 = Debug|Any CPU
		{6E46D195-9998-4D63-A3F9-752642948F3A}.Release|Any CPU.ActiveCfg = Release|Any CPU
		{6E46D195-9998-4D63-A3F9-752642948F3A}.Release|Any CPU.Build.0 = Release|Any CPU
		{6E46D195-9998-4D63-A3F9-752642948F3A}.Release|x64.ActiveCfg = Release|Any CPU
		{6E46D195-9998-4D63-A3F9-752642948F3A}.Release|x64.Build.0 = Release|Any CPU
		{6E46D195-9998-4D63-A3F9-752642948F3A}.Release|x86.ActiveCfg = Release|Any CPU
		{6E46D195-9998-4D63-A3F9-752642948F3A}.Release|x86.Build.0 = Release|Any CPU
		{D180677A-E6D6-4723-8F3A-DE60C9FC821C}.Debug|Any CPU.ActiveCfg = Debug|Any CPU
		{D180677A-E6D6-4723-8F3A-DE60C9FC821C}.Debug|Any CPU.Build.0 = Debug|Any CPU
		{D180677A-E6D6-4723-8F3A-DE60C9FC821C}.Debug|x64.ActiveCfg = Debug|Any CPU
		{D180677A-E6D6-4723-8F3A-DE60C9FC821C}.Debug|x64.Build.0 = Debug|Any CPU
		{D180677A-E6D6-4723-8F3A-DE60C9FC821C}.Debug|x86.ActiveCfg = Debug|Any CPU
		{D180677A-E6D6-4723-8F3A-DE60C9FC821C}.Debug|x86.Build.0 = Debug|Any CPU
		{D180677A-E6D6-4723-8F3A-DE60C9FC821C}.Release|Any CPU.ActiveCfg = Release|Any CPU
		{D180677A-E6D6-4723-8F3A-DE60C9FC821C}.Release|Any CPU.Build.0 = Release|Any CPU
		{D180677A-E6D6-4723-8F3A-DE60C9FC821C}.Release|x64.ActiveCfg = Release|Any CPU
		{D180677A-E6D6-4723-8F3A-DE60C9FC821C}.Release|x64.Build.0 = Release|Any CPU
		{D180677A-E6D6-4723-8F3A-DE60C9FC821C}.Release|x86.ActiveCfg = Release|Any CPU
		{D180677A-E6D6-4723-8F3A-DE60C9FC821C}.Release|x86.Build.0 = Release|Any CPU
		{F8DD8D5F-779F-4C9C-B2C3-878A96BBFA40}.Debug|Any CPU.ActiveCfg = Debug|Any CPU
		{F8DD8D5F-779F-4C9C-B2C3-878A96BBFA40}.Debug|Any CPU.Build.0 = Debug|Any CPU
		{F8DD8D5F-779F-4C9C-B2C3-878A96BBFA40}.Debug|x64.ActiveCfg = Debug|Any CPU
		{F8DD8D5F-779F-4C9C-B2C3-878A96BBFA40}.Debug|x64.Build.0 = Debug|Any CPU
		{F8DD8D5F-779F-4C9C-B2C3-878A96BBFA40}.Debug|x86.ActiveCfg = Debug|Any CPU
		{F8DD8D5F-779F-4C9C-B2C3-878A96BBFA40}.Debug|x86.Build.0 = Debug|Any CPU
		{F8DD8D5F-779F-4C9C-B2C3-878A96BBFA40}.Release|Any CPU.ActiveCfg = Release|Any CPU
		{F8DD8D5F-779F-4C9C-B2C3-878A96BBFA40}.Release|Any CPU.Build.0 = Release|Any CPU
		{F8DD8D5F-779F-4C9C-B2C3-878A96BBFA40}.Release|x64.ActiveCfg = Release|Any CPU
		{F8DD8D5F-779F-4C9C-B2C3-878A96BBFA40}.Release|x64.Build.0 = Release|Any CPU
		{F8DD8D5F-779F-4C9C-B2C3-878A96BBFA40}.Release|x86.ActiveCfg = Release|Any CPU
		{F8DD8D5F-779F-4C9C-B2C3-878A96BBFA40}.Release|x86.Build.0 = Release|Any CPU
		{A8BA528F-E393-4607-ABA6-ACE2CFB1B6B0}.Debug|Any CPU.ActiveCfg = Debug|Any CPU
		{A8BA528F-E393-4607-ABA6-ACE2CFB1B6B0}.Debug|Any CPU.Build.0 = Debug|Any CPU
		{A8BA528F-E393-4607-ABA6-ACE2CFB1B6B0}.Debug|x64.ActiveCfg = Debug|Any CPU
		{A8BA528F-E393-4607-ABA6-ACE2CFB1B6B0}.Debug|x64.Build.0 = Debug|Any CPU
		{A8BA528F-E393-4607-ABA6-ACE2CFB1B6B0}.Debug|x86.ActiveCfg = Debug|Any CPU
		{A8BA528F-E393-4607-ABA6-ACE2CFB1B6B0}.Debug|x86.Build.0 = Debug|Any CPU
		{A8BA528F-E393-4607-ABA6-ACE2CFB1B6B0}.Release|Any CPU.ActiveCfg = Release|Any CPU
		{A8BA528F-E393-4607-ABA6-ACE2CFB1B6B0}.Release|Any CPU.Build.0 = Release|Any CPU
		{A8BA528F-E393-4607-ABA6-ACE2CFB1B6B0}.Release|x64.ActiveCfg = Release|Any CPU
		{A8BA528F-E393-4607-ABA6-ACE2CFB1B6B0}.Release|x64.Build.0 = Release|Any CPU
		{A8BA528F-E393-4607-ABA6-ACE2CFB1B6B0}.Release|x86.ActiveCfg = Release|Any CPU
		{A8BA528F-E393-4607-ABA6-ACE2CFB1B6B0}.Release|x86.Build.0 = Release|Any CPU
		{9D19F95B-384A-4BDF-A0DE-3AD8BCC71C7B}.Debug|Any CPU.ActiveCfg = Debug|Any CPU
		{9D19F95B-384A-4BDF-A0DE-3AD8BCC71C7B}.Debug|Any CPU.Build.0 = Debug|Any CPU
		{9D19F95B-384A-4BDF-A0DE-3AD8BCC71C7B}.Debug|x64.ActiveCfg = Debug|Any CPU
		{9D19F95B-384A-4BDF-A0DE-3AD8BCC71C7B}.Debug|x64.Build.0 = Debug|Any CPU
		{9D19F95B-384A-4BDF-A0DE-3AD8BCC71C7B}.Debug|x86.ActiveCfg = Debug|Any CPU
		{9D19F95B-384A-4BDF-A0DE-3AD8BCC71C7B}.Debug|x86.Build.0 = Debug|Any CPU
		{9D19F95B-384A-4BDF-A0DE-3AD8BCC71C7B}.Release|Any CPU.ActiveCfg = Release|Any CPU
		{9D19F95B-384A-4BDF-A0DE-3AD8BCC71C7B}.Release|Any CPU.Build.0 = Release|Any CPU
		{9D19F95B-384A-4BDF-A0DE-3AD8BCC71C7B}.Release|x64.ActiveCfg = Release|Any CPU
		{9D19F95B-384A-4BDF-A0DE-3AD8BCC71C7B}.Release|x64.Build.0 = Release|Any CPU
		{9D19F95B-384A-4BDF-A0DE-3AD8BCC71C7B}.Release|x86.ActiveCfg = Release|Any CPU
		{9D19F95B-384A-4BDF-A0DE-3AD8BCC71C7B}.Release|x86.Build.0 = Release|Any CPU
		{1AC7B442-6CAA-4DAF-8728-B189C3731A3D}.Debug|Any CPU.ActiveCfg = Debug|Any CPU
		{1AC7B442-6CAA-4DAF-8728-B189C3731A3D}.Debug|Any CPU.Build.0 = Debug|Any CPU
		{1AC7B442-6CAA-4DAF-8728-B189C3731A3D}.Debug|x64.ActiveCfg = Debug|Any CPU
		{1AC7B442-6CAA-4DAF-8728-B189C3731A3D}.Debug|x64.Build.0 = Debug|Any CPU
		{1AC7B442-6CAA-4DAF-8728-B189C3731A3D}.Debug|x86.ActiveCfg = Debug|Any CPU
		{1AC7B442-6CAA-4DAF-8728-B189C3731A3D}.Debug|x86.Build.0 = Debug|Any CPU
		{1AC7B442-6CAA-4DAF-8728-B189C3731A3D}.Release|Any CPU.ActiveCfg = Release|Any CPU
		{1AC7B442-6CAA-4DAF-8728-B189C3731A3D}.Release|Any CPU.Build.0 = Release|Any CPU
		{1AC7B442-6CAA-4DAF-8728-B189C3731A3D}.Release|x64.ActiveCfg = Release|Any CPU
		{1AC7B442-6CAA-4DAF-8728-B189C3731A3D}.Release|x64.Build.0 = Release|Any CPU
		{1AC7B442-6CAA-4DAF-8728-B189C3731A3D}.Release|x86.ActiveCfg = Release|Any CPU
		{1AC7B442-6CAA-4DAF-8728-B189C3731A3D}.Release|x86.Build.0 = Release|Any CPU
		{290702DB-63EB-4788-9AA7-B40D8E420839}.Debug|Any CPU.ActiveCfg = Debug|Any CPU
		{290702DB-63EB-4788-9AA7-B40D8E420839}.Debug|Any CPU.Build.0 = Debug|Any CPU
		{290702DB-63EB-4788-9AA7-B40D8E420839}.Debug|x64.ActiveCfg = Debug|Any CPU
		{290702DB-63EB-4788-9AA7-B40D8E420839}.Debug|x64.Build.0 = Debug|Any CPU
		{290702DB-63EB-4788-9AA7-B40D8E420839}.Debug|x86.ActiveCfg = Debug|Any CPU
		{290702DB-63EB-4788-9AA7-B40D8E420839}.Debug|x86.Build.0 = Debug|Any CPU
		{290702DB-63EB-4788-9AA7-B40D8E420839}.Release|Any CPU.ActiveCfg = Release|Any CPU
		{290702DB-63EB-4788-9AA7-B40D8E420839}.Release|Any CPU.Build.0 = Release|Any CPU
		{290702DB-63EB-4788-9AA7-B40D8E420839}.Release|x64.ActiveCfg = Release|Any CPU
		{290702DB-63EB-4788-9AA7-B40D8E420839}.Release|x64.Build.0 = Release|Any CPU
		{290702DB-63EB-4788-9AA7-B40D8E420839}.Release|x86.ActiveCfg = Release|Any CPU
		{290702DB-63EB-4788-9AA7-B40D8E420839}.Release|x86.Build.0 = Release|Any CPU
		{9227DA0B-DAF5-48CC-A783-4C629455130A}.Debug|Any CPU.ActiveCfg = Debug|Any CPU
		{9227DA0B-DAF5-48CC-A783-4C629455130A}.Debug|Any CPU.Build.0 = Debug|Any CPU
		{9227DA0B-DAF5-48CC-A783-4C629455130A}.Debug|x64.ActiveCfg = Debug|Any CPU
		{9227DA0B-DAF5-48CC-A783-4C629455130A}.Debug|x64.Build.0 = Debug|Any CPU
		{9227DA0B-DAF5-48CC-A783-4C629455130A}.Debug|x86.ActiveCfg = Debug|Any CPU
		{9227DA0B-DAF5-48CC-A783-4C629455130A}.Debug|x86.Build.0 = Debug|Any CPU
		{9227DA0B-DAF5-48CC-A783-4C629455130A}.Release|Any CPU.ActiveCfg = Release|Any CPU
		{9227DA0B-DAF5-48CC-A783-4C629455130A}.Release|Any CPU.Build.0 = Release|Any CPU
		{9227DA0B-DAF5-48CC-A783-4C629455130A}.Release|x64.ActiveCfg = Release|Any CPU
		{9227DA0B-DAF5-48CC-A783-4C629455130A}.Release|x64.Build.0 = Release|Any CPU
		{9227DA0B-DAF5-48CC-A783-4C629455130A}.Release|x86.ActiveCfg = Release|Any CPU
		{9227DA0B-DAF5-48CC-A783-4C629455130A}.Release|x86.Build.0 = Release|Any CPU
		{67240409-C612-4C5D-AADD-70FA81AE9C2D}.Debug|Any CPU.ActiveCfg = Debug|Any CPU
		{67240409-C612-4C5D-AADD-70FA81AE9C2D}.Debug|Any CPU.Build.0 = Debug|Any CPU
		{67240409-C612-4C5D-AADD-70FA81AE9C2D}.Debug|x64.ActiveCfg = Debug|Any CPU
		{67240409-C612-4C5D-AADD-70FA81AE9C2D}.Debug|x64.Build.0 = Debug|Any CPU
		{67240409-C612-4C5D-AADD-70FA81AE9C2D}.Debug|x86.ActiveCfg = Debug|Any CPU
		{67240409-C612-4C5D-AADD-70FA81AE9C2D}.Debug|x86.Build.0 = Debug|Any CPU
		{67240409-C612-4C5D-AADD-70FA81AE9C2D}.Release|Any CPU.ActiveCfg = Release|Any CPU
		{67240409-C612-4C5D-AADD-70FA81AE9C2D}.Release|Any CPU.Build.0 = Release|Any CPU
		{67240409-C612-4C5D-AADD-70FA81AE9C2D}.Release|x64.ActiveCfg = Release|Any CPU
		{67240409-C612-4C5D-AADD-70FA81AE9C2D}.Release|x64.Build.0 = Release|Any CPU
		{67240409-C612-4C5D-AADD-70FA81AE9C2D}.Release|x86.ActiveCfg = Release|Any CPU
		{67240409-C612-4C5D-AADD-70FA81AE9C2D}.Release|x86.Build.0 = Release|Any CPU
		{FD18A87B-5748-4C6E-88B5-6128A7419C2E}.Debug|Any CPU.ActiveCfg = Debug|Any CPU
		{FD18A87B-5748-4C6E-88B5-6128A7419C2E}.Debug|Any CPU.Build.0 = Debug|Any CPU
		{FD18A87B-5748-4C6E-88B5-6128A7419C2E}.Debug|x64.ActiveCfg = Debug|Any CPU
		{FD18A87B-5748-4C6E-88B5-6128A7419C2E}.Debug|x64.Build.0 = Debug|Any CPU
		{FD18A87B-5748-4C6E-88B5-6128A7419C2E}.Debug|x86.ActiveCfg = Debug|Any CPU
		{FD18A87B-5748-4C6E-88B5-6128A7419C2E}.Debug|x86.Build.0 = Debug|Any CPU
		{FD18A87B-5748-4C6E-88B5-6128A7419C2E}.Release|Any CPU.ActiveCfg = Release|Any CPU
		{FD18A87B-5748-4C6E-88B5-6128A7419C2E}.Release|Any CPU.Build.0 = Release|Any CPU
		{FD18A87B-5748-4C6E-88B5-6128A7419C2E}.Release|x64.ActiveCfg = Release|Any CPU
		{FD18A87B-5748-4C6E-88B5-6128A7419C2E}.Release|x64.Build.0 = Release|Any CPU
		{FD18A87B-5748-4C6E-88B5-6128A7419C2E}.Release|x86.ActiveCfg = Release|Any CPU
		{FD18A87B-5748-4C6E-88B5-6128A7419C2E}.Release|x86.Build.0 = Release|Any CPU
		{17B2272E-2A70-4ADE-A934-F4C6C26F0C17}.Debug|Any CPU.ActiveCfg = Debug|Any CPU
		{17B2272E-2A70-4ADE-A934-F4C6C26F0C17}.Debug|Any CPU.Build.0 = Debug|Any CPU
		{17B2272E-2A70-4ADE-A934-F4C6C26F0C17}.Debug|x64.ActiveCfg = Debug|Any CPU
		{17B2272E-2A70-4ADE-A934-F4C6C26F0C17}.Debug|x64.Build.0 = Debug|Any CPU
		{17B2272E-2A70-4ADE-A934-F4C6C26F0C17}.Debug|x86.ActiveCfg = Debug|Any CPU
		{17B2272E-2A70-4ADE-A934-F4C6C26F0C17}.Debug|x86.Build.0 = Debug|Any CPU
		{17B2272E-2A70-4ADE-A934-F4C6C26F0C17}.Release|Any CPU.ActiveCfg = Release|Any CPU
		{17B2272E-2A70-4ADE-A934-F4C6C26F0C17}.Release|Any CPU.Build.0 = Release|Any CPU
		{17B2272E-2A70-4ADE-A934-F4C6C26F0C17}.Release|x64.ActiveCfg = Release|Any CPU
		{17B2272E-2A70-4ADE-A934-F4C6C26F0C17}.Release|x64.Build.0 = Release|Any CPU
		{17B2272E-2A70-4ADE-A934-F4C6C26F0C17}.Release|x86.ActiveCfg = Release|Any CPU
		{17B2272E-2A70-4ADE-A934-F4C6C26F0C17}.Release|x86.Build.0 = Release|Any CPU
		{EF1CA28B-D8D8-4F70-9183-D91CCCA058A2}.Debug|Any CPU.ActiveCfg = Debug|Any CPU
		{EF1CA28B-D8D8-4F70-9183-D91CCCA058A2}.Debug|Any CPU.Build.0 = Debug|Any CPU
		{EF1CA28B-D8D8-4F70-9183-D91CCCA058A2}.Debug|x64.ActiveCfg = Debug|Any CPU
		{EF1CA28B-D8D8-4F70-9183-D91CCCA058A2}.Debug|x64.Build.0 = Debug|Any CPU
		{EF1CA28B-D8D8-4F70-9183-D91CCCA058A2}.Debug|x86.ActiveCfg = Debug|Any CPU
		{EF1CA28B-D8D8-4F70-9183-D91CCCA058A2}.Debug|x86.Build.0 = Debug|Any CPU
		{EF1CA28B-D8D8-4F70-9183-D91CCCA058A2}.Release|Any CPU.ActiveCfg = Release|Any CPU
		{EF1CA28B-D8D8-4F70-9183-D91CCCA058A2}.Release|Any CPU.Build.0 = Release|Any CPU
		{EF1CA28B-D8D8-4F70-9183-D91CCCA058A2}.Release|x64.ActiveCfg = Release|Any CPU
		{EF1CA28B-D8D8-4F70-9183-D91CCCA058A2}.Release|x64.Build.0 = Release|Any CPU
		{EF1CA28B-D8D8-4F70-9183-D91CCCA058A2}.Release|x86.ActiveCfg = Release|Any CPU
		{EF1CA28B-D8D8-4F70-9183-D91CCCA058A2}.Release|x86.Build.0 = Release|Any CPU
		{19B9E503-F5CE-47E6-9DDE-B0E3FC740C4E}.Debug|Any CPU.ActiveCfg = Debug|Any CPU
		{19B9E503-F5CE-47E6-9DDE-B0E3FC740C4E}.Debug|Any CPU.Build.0 = Debug|Any CPU
		{19B9E503-F5CE-47E6-9DDE-B0E3FC740C4E}.Debug|x64.ActiveCfg = Debug|Any CPU
		{19B9E503-F5CE-47E6-9DDE-B0E3FC740C4E}.Debug|x64.Build.0 = Debug|Any CPU
		{19B9E503-F5CE-47E6-9DDE-B0E3FC740C4E}.Debug|x86.ActiveCfg = Debug|Any CPU
		{19B9E503-F5CE-47E6-9DDE-B0E3FC740C4E}.Debug|x86.Build.0 = Debug|Any CPU
		{19B9E503-F5CE-47E6-9DDE-B0E3FC740C4E}.Release|Any CPU.ActiveCfg = Release|Any CPU
		{19B9E503-F5CE-47E6-9DDE-B0E3FC740C4E}.Release|Any CPU.Build.0 = Release|Any CPU
		{19B9E503-F5CE-47E6-9DDE-B0E3FC740C4E}.Release|x64.ActiveCfg = Release|Any CPU
		{19B9E503-F5CE-47E6-9DDE-B0E3FC740C4E}.Release|x64.Build.0 = Release|Any CPU
		{19B9E503-F5CE-47E6-9DDE-B0E3FC740C4E}.Release|x86.ActiveCfg = Release|Any CPU
		{19B9E503-F5CE-47E6-9DDE-B0E3FC740C4E}.Release|x86.Build.0 = Release|Any CPU
		{562E274F-9844-478E-BDC3-0E3F8EAA2B93}.Debug|Any CPU.ActiveCfg = Debug|Any CPU
		{562E274F-9844-478E-BDC3-0E3F8EAA2B93}.Debug|Any CPU.Build.0 = Debug|Any CPU
		{562E274F-9844-478E-BDC3-0E3F8EAA2B93}.Debug|x64.ActiveCfg = Debug|Any CPU
		{562E274F-9844-478E-BDC3-0E3F8EAA2B93}.Debug|x64.Build.0 = Debug|Any CPU
		{562E274F-9844-478E-BDC3-0E3F8EAA2B93}.Debug|x86.ActiveCfg = Debug|Any CPU
		{562E274F-9844-478E-BDC3-0E3F8EAA2B93}.Debug|x86.Build.0 = Debug|Any CPU
		{562E274F-9844-478E-BDC3-0E3F8EAA2B93}.Release|Any CPU.ActiveCfg = Release|Any CPU
		{562E274F-9844-478E-BDC3-0E3F8EAA2B93}.Release|Any CPU.Build.0 = Release|Any CPU
		{562E274F-9844-478E-BDC3-0E3F8EAA2B93}.Release|x64.ActiveCfg = Release|Any CPU
		{562E274F-9844-478E-BDC3-0E3F8EAA2B93}.Release|x64.Build.0 = Release|Any CPU
		{562E274F-9844-478E-BDC3-0E3F8EAA2B93}.Release|x86.ActiveCfg = Release|Any CPU
		{562E274F-9844-478E-BDC3-0E3F8EAA2B93}.Release|x86.Build.0 = Release|Any CPU
		{75DD2632-7B30-4CA0-B3B4-22DD4A535D23}.Debug|Any CPU.ActiveCfg = Debug|Any CPU
		{75DD2632-7B30-4CA0-B3B4-22DD4A535D23}.Debug|Any CPU.Build.0 = Debug|Any CPU
		{75DD2632-7B30-4CA0-B3B4-22DD4A535D23}.Debug|x64.ActiveCfg = Debug|Any CPU
		{75DD2632-7B30-4CA0-B3B4-22DD4A535D23}.Debug|x64.Build.0 = Debug|Any CPU
		{75DD2632-7B30-4CA0-B3B4-22DD4A535D23}.Debug|x86.ActiveCfg = Debug|Any CPU
		{75DD2632-7B30-4CA0-B3B4-22DD4A535D23}.Debug|x86.Build.0 = Debug|Any CPU
		{75DD2632-7B30-4CA0-B3B4-22DD4A535D23}.Release|Any CPU.ActiveCfg = Release|Any CPU
		{75DD2632-7B30-4CA0-B3B4-22DD4A535D23}.Release|Any CPU.Build.0 = Release|Any CPU
		{75DD2632-7B30-4CA0-B3B4-22DD4A535D23}.Release|x64.ActiveCfg = Release|Any CPU
		{75DD2632-7B30-4CA0-B3B4-22DD4A535D23}.Release|x64.Build.0 = Release|Any CPU
		{75DD2632-7B30-4CA0-B3B4-22DD4A535D23}.Release|x86.ActiveCfg = Release|Any CPU
		{75DD2632-7B30-4CA0-B3B4-22DD4A535D23}.Release|x86.Build.0 = Release|Any CPU
		{55B40DCD-373F-4276-A83E-DEC081C46C28}.Debug|Any CPU.ActiveCfg = Debug|Any CPU
		{55B40DCD-373F-4276-A83E-DEC081C46C28}.Debug|Any CPU.Build.0 = Debug|Any CPU
		{55B40DCD-373F-4276-A83E-DEC081C46C28}.Debug|x64.ActiveCfg = Debug|Any CPU
		{55B40DCD-373F-4276-A83E-DEC081C46C28}.Debug|x64.Build.0 = Debug|Any CPU
		{55B40DCD-373F-4276-A83E-DEC081C46C28}.Debug|x86.ActiveCfg = Debug|Any CPU
		{55B40DCD-373F-4276-A83E-DEC081C46C28}.Debug|x86.Build.0 = Debug|Any CPU
		{55B40DCD-373F-4276-A83E-DEC081C46C28}.Release|Any CPU.ActiveCfg = Release|Any CPU
		{55B40DCD-373F-4276-A83E-DEC081C46C28}.Release|Any CPU.Build.0 = Release|Any CPU
		{55B40DCD-373F-4276-A83E-DEC081C46C28}.Release|x64.ActiveCfg = Release|Any CPU
		{55B40DCD-373F-4276-A83E-DEC081C46C28}.Release|x64.Build.0 = Release|Any CPU
		{55B40DCD-373F-4276-A83E-DEC081C46C28}.Release|x86.ActiveCfg = Release|Any CPU
		{55B40DCD-373F-4276-A83E-DEC081C46C28}.Release|x86.Build.0 = Release|Any CPU
		{A4B7028D-3632-4909-AD44-4BB29DED6206}.Debug|Any CPU.ActiveCfg = Debug|Any CPU
		{A4B7028D-3632-4909-AD44-4BB29DED6206}.Debug|Any CPU.Build.0 = Debug|Any CPU
		{A4B7028D-3632-4909-AD44-4BB29DED6206}.Debug|x64.ActiveCfg = Debug|Any CPU
		{A4B7028D-3632-4909-AD44-4BB29DED6206}.Debug|x64.Build.0 = Debug|Any CPU
		{A4B7028D-3632-4909-AD44-4BB29DED6206}.Debug|x86.ActiveCfg = Debug|Any CPU
		{A4B7028D-3632-4909-AD44-4BB29DED6206}.Debug|x86.Build.0 = Debug|Any CPU
		{A4B7028D-3632-4909-AD44-4BB29DED6206}.Release|Any CPU.ActiveCfg = Release|Any CPU
		{A4B7028D-3632-4909-AD44-4BB29DED6206}.Release|Any CPU.Build.0 = Release|Any CPU
		{A4B7028D-3632-4909-AD44-4BB29DED6206}.Release|x64.ActiveCfg = Release|Any CPU
		{A4B7028D-3632-4909-AD44-4BB29DED6206}.Release|x64.Build.0 = Release|Any CPU
		{A4B7028D-3632-4909-AD44-4BB29DED6206}.Release|x86.ActiveCfg = Release|Any CPU
		{A4B7028D-3632-4909-AD44-4BB29DED6206}.Release|x86.Build.0 = Release|Any CPU
		{DE78E4DC-B033-4FB7-A711-B6BB8151B957}.Debug|Any CPU.ActiveCfg = Debug|Any CPU
		{DE78E4DC-B033-4FB7-A711-B6BB8151B957}.Debug|Any CPU.Build.0 = Debug|Any CPU
		{DE78E4DC-B033-4FB7-A711-B6BB8151B957}.Debug|x64.ActiveCfg = Debug|Any CPU
		{DE78E4DC-B033-4FB7-A711-B6BB8151B957}.Debug|x64.Build.0 = Debug|Any CPU
		{DE78E4DC-B033-4FB7-A711-B6BB8151B957}.Debug|x86.ActiveCfg = Debug|Any CPU
		{DE78E4DC-B033-4FB7-A711-B6BB8151B957}.Debug|x86.Build.0 = Debug|Any CPU
		{DE78E4DC-B033-4FB7-A711-B6BB8151B957}.Release|Any CPU.ActiveCfg = Release|Any CPU
		{DE78E4DC-B033-4FB7-A711-B6BB8151B957}.Release|Any CPU.Build.0 = Release|Any CPU
		{DE78E4DC-B033-4FB7-A711-B6BB8151B957}.Release|x64.ActiveCfg = Release|Any CPU
		{DE78E4DC-B033-4FB7-A711-B6BB8151B957}.Release|x64.Build.0 = Release|Any CPU
		{DE78E4DC-B033-4FB7-A711-B6BB8151B957}.Release|x86.ActiveCfg = Release|Any CPU
		{DE78E4DC-B033-4FB7-A711-B6BB8151B957}.Release|x86.Build.0 = Release|Any CPU
		{5ECA331D-EBD8-4419-8DC3-3DC88E698DDB}.Debug|Any CPU.ActiveCfg = Debug|Any CPU
		{5ECA331D-EBD8-4419-8DC3-3DC88E698DDB}.Debug|Any CPU.Build.0 = Debug|Any CPU
		{5ECA331D-EBD8-4419-8DC3-3DC88E698DDB}.Debug|x64.ActiveCfg = Debug|Any CPU
		{5ECA331D-EBD8-4419-8DC3-3DC88E698DDB}.Debug|x64.Build.0 = Debug|Any CPU
		{5ECA331D-EBD8-4419-8DC3-3DC88E698DDB}.Debug|x86.ActiveCfg = Debug|Any CPU
		{5ECA331D-EBD8-4419-8DC3-3DC88E698DDB}.Debug|x86.Build.0 = Debug|Any CPU
		{5ECA331D-EBD8-4419-8DC3-3DC88E698DDB}.Release|Any CPU.ActiveCfg = Release|Any CPU
		{5ECA331D-EBD8-4419-8DC3-3DC88E698DDB}.Release|Any CPU.Build.0 = Release|Any CPU
		{5ECA331D-EBD8-4419-8DC3-3DC88E698DDB}.Release|x64.ActiveCfg = Release|Any CPU
		{5ECA331D-EBD8-4419-8DC3-3DC88E698DDB}.Release|x64.Build.0 = Release|Any CPU
		{5ECA331D-EBD8-4419-8DC3-3DC88E698DDB}.Release|x86.ActiveCfg = Release|Any CPU
		{5ECA331D-EBD8-4419-8DC3-3DC88E698DDB}.Release|x86.Build.0 = Release|Any CPU
		{889DE67A-9243-45FB-B293-BFBB698A5487}.Debug|Any CPU.ActiveCfg = Debug|Any CPU
		{889DE67A-9243-45FB-B293-BFBB698A5487}.Debug|Any CPU.Build.0 = Debug|Any CPU
		{889DE67A-9243-45FB-B293-BFBB698A5487}.Debug|x64.ActiveCfg = Debug|Any CPU
		{889DE67A-9243-45FB-B293-BFBB698A5487}.Debug|x64.Build.0 = Debug|Any CPU
		{889DE67A-9243-45FB-B293-BFBB698A5487}.Debug|x86.ActiveCfg = Debug|Any CPU
		{889DE67A-9243-45FB-B293-BFBB698A5487}.Debug|x86.Build.0 = Debug|Any CPU
		{889DE67A-9243-45FB-B293-BFBB698A5487}.Release|Any CPU.ActiveCfg = Release|Any CPU
		{889DE67A-9243-45FB-B293-BFBB698A5487}.Release|Any CPU.Build.0 = Release|Any CPU
		{889DE67A-9243-45FB-B293-BFBB698A5487}.Release|x64.ActiveCfg = Release|Any CPU
		{889DE67A-9243-45FB-B293-BFBB698A5487}.Release|x64.Build.0 = Release|Any CPU
		{889DE67A-9243-45FB-B293-BFBB698A5487}.Release|x86.ActiveCfg = Release|Any CPU
		{889DE67A-9243-45FB-B293-BFBB698A5487}.Release|x86.Build.0 = Release|Any CPU
		{DAF469BE-D10E-44BB-8A9C-EBBDBE895C3E}.Debug|Any CPU.ActiveCfg = Debug|Any CPU
		{DAF469BE-D10E-44BB-8A9C-EBBDBE895C3E}.Debug|Any CPU.Build.0 = Debug|Any CPU
		{DAF469BE-D10E-44BB-8A9C-EBBDBE895C3E}.Debug|x64.ActiveCfg = Debug|Any CPU
		{DAF469BE-D10E-44BB-8A9C-EBBDBE895C3E}.Debug|x64.Build.0 = Debug|Any CPU
		{DAF469BE-D10E-44BB-8A9C-EBBDBE895C3E}.Debug|x86.ActiveCfg = Debug|Any CPU
		{DAF469BE-D10E-44BB-8A9C-EBBDBE895C3E}.Debug|x86.Build.0 = Debug|Any CPU
		{DAF469BE-D10E-44BB-8A9C-EBBDBE895C3E}.Release|Any CPU.ActiveCfg = Release|Any CPU
		{DAF469BE-D10E-44BB-8A9C-EBBDBE895C3E}.Release|Any CPU.Build.0 = Release|Any CPU
		{DAF469BE-D10E-44BB-8A9C-EBBDBE895C3E}.Release|x64.ActiveCfg = Release|Any CPU
		{DAF469BE-D10E-44BB-8A9C-EBBDBE895C3E}.Release|x64.Build.0 = Release|Any CPU
		{DAF469BE-D10E-44BB-8A9C-EBBDBE895C3E}.Release|x86.ActiveCfg = Release|Any CPU
		{DAF469BE-D10E-44BB-8A9C-EBBDBE895C3E}.Release|x86.Build.0 = Release|Any CPU
		{F2520B6A-323C-4849-8A21-699AC3144E4F}.Debug|Any CPU.ActiveCfg = Debug|Any CPU
		{F2520B6A-323C-4849-8A21-699AC3144E4F}.Debug|Any CPU.Build.0 = Debug|Any CPU
		{F2520B6A-323C-4849-8A21-699AC3144E4F}.Debug|x64.ActiveCfg = Debug|Any CPU
		{F2520B6A-323C-4849-8A21-699AC3144E4F}.Debug|x64.Build.0 = Debug|Any CPU
		{F2520B6A-323C-4849-8A21-699AC3144E4F}.Debug|x86.ActiveCfg = Debug|Any CPU
		{F2520B6A-323C-4849-8A21-699AC3144E4F}.Debug|x86.Build.0 = Debug|Any CPU
		{F2520B6A-323C-4849-8A21-699AC3144E4F}.Release|Any CPU.ActiveCfg = Release|Any CPU
		{F2520B6A-323C-4849-8A21-699AC3144E4F}.Release|Any CPU.Build.0 = Release|Any CPU
		{F2520B6A-323C-4849-8A21-699AC3144E4F}.Release|x64.ActiveCfg = Release|Any CPU
		{F2520B6A-323C-4849-8A21-699AC3144E4F}.Release|x64.Build.0 = Release|Any CPU
		{F2520B6A-323C-4849-8A21-699AC3144E4F}.Release|x86.ActiveCfg = Release|Any CPU
		{F2520B6A-323C-4849-8A21-699AC3144E4F}.Release|x86.Build.0 = Release|Any CPU
		{81031F37-57BE-4A1A-9A71-F3DEE901837E}.Debug|Any CPU.ActiveCfg = Debug|Any CPU
		{81031F37-57BE-4A1A-9A71-F3DEE901837E}.Debug|Any CPU.Build.0 = Debug|Any CPU
		{81031F37-57BE-4A1A-9A71-F3DEE901837E}.Debug|x64.ActiveCfg = Debug|Any CPU
		{81031F37-57BE-4A1A-9A71-F3DEE901837E}.Debug|x64.Build.0 = Debug|Any CPU
		{81031F37-57BE-4A1A-9A71-F3DEE901837E}.Debug|x86.ActiveCfg = Debug|Any CPU
		{81031F37-57BE-4A1A-9A71-F3DEE901837E}.Debug|x86.Build.0 = Debug|Any CPU
		{81031F37-57BE-4A1A-9A71-F3DEE901837E}.Release|Any CPU.ActiveCfg = Release|Any CPU
		{81031F37-57BE-4A1A-9A71-F3DEE901837E}.Release|Any CPU.Build.0 = Release|Any CPU
		{81031F37-57BE-4A1A-9A71-F3DEE901837E}.Release|x64.ActiveCfg = Release|Any CPU
		{81031F37-57BE-4A1A-9A71-F3DEE901837E}.Release|x64.Build.0 = Release|Any CPU
		{81031F37-57BE-4A1A-9A71-F3DEE901837E}.Release|x86.ActiveCfg = Release|Any CPU
		{81031F37-57BE-4A1A-9A71-F3DEE901837E}.Release|x86.Build.0 = Release|Any CPU
		{8D0DC76A-48D4-4B17-8FC0-D09AC1FE23E0}.Debug|Any CPU.ActiveCfg = Debug|Any CPU
		{8D0DC76A-48D4-4B17-8FC0-D09AC1FE23E0}.Debug|Any CPU.Build.0 = Debug|Any CPU
		{8D0DC76A-48D4-4B17-8FC0-D09AC1FE23E0}.Debug|x64.ActiveCfg = Debug|Any CPU
		{8D0DC76A-48D4-4B17-8FC0-D09AC1FE23E0}.Debug|x64.Build.0 = Debug|Any CPU
		{8D0DC76A-48D4-4B17-8FC0-D09AC1FE23E0}.Debug|x86.ActiveCfg = Debug|Any CPU
		{8D0DC76A-48D4-4B17-8FC0-D09AC1FE23E0}.Debug|x86.Build.0 = Debug|Any CPU
		{8D0DC76A-48D4-4B17-8FC0-D09AC1FE23E0}.Release|Any CPU.ActiveCfg = Release|Any CPU
		{8D0DC76A-48D4-4B17-8FC0-D09AC1FE23E0}.Release|Any CPU.Build.0 = Release|Any CPU
		{8D0DC76A-48D4-4B17-8FC0-D09AC1FE23E0}.Release|x64.ActiveCfg = Release|Any CPU
		{8D0DC76A-48D4-4B17-8FC0-D09AC1FE23E0}.Release|x64.Build.0 = Release|Any CPU
		{8D0DC76A-48D4-4B17-8FC0-D09AC1FE23E0}.Release|x86.ActiveCfg = Release|Any CPU
		{8D0DC76A-48D4-4B17-8FC0-D09AC1FE23E0}.Release|x86.Build.0 = Release|Any CPU
		{A1838400-7217-4BD6-8A85-2F993EA54E96}.Debug|Any CPU.ActiveCfg = Debug|Any CPU
		{A1838400-7217-4BD6-8A85-2F993EA54E96}.Debug|Any CPU.Build.0 = Debug|Any CPU
		{A1838400-7217-4BD6-8A85-2F993EA54E96}.Debug|x64.ActiveCfg = Debug|Any CPU
		{A1838400-7217-4BD6-8A85-2F993EA54E96}.Debug|x64.Build.0 = Debug|Any CPU
		{A1838400-7217-4BD6-8A85-2F993EA54E96}.Debug|x86.ActiveCfg = Debug|Any CPU
		{A1838400-7217-4BD6-8A85-2F993EA54E96}.Debug|x86.Build.0 = Debug|Any CPU
		{A1838400-7217-4BD6-8A85-2F993EA54E96}.Release|Any CPU.ActiveCfg = Release|Any CPU
		{A1838400-7217-4BD6-8A85-2F993EA54E96}.Release|Any CPU.Build.0 = Release|Any CPU
		{A1838400-7217-4BD6-8A85-2F993EA54E96}.Release|x64.ActiveCfg = Release|Any CPU
		{A1838400-7217-4BD6-8A85-2F993EA54E96}.Release|x64.Build.0 = Release|Any CPU
		{A1838400-7217-4BD6-8A85-2F993EA54E96}.Release|x86.ActiveCfg = Release|Any CPU
		{A1838400-7217-4BD6-8A85-2F993EA54E96}.Release|x86.Build.0 = Release|Any CPU
		{C2EAB4C9-67CF-4507-9B4C-E04D912D4350}.Debug|Any CPU.ActiveCfg = Debug|Any CPU
		{C2EAB4C9-67CF-4507-9B4C-E04D912D4350}.Debug|Any CPU.Build.0 = Debug|Any CPU
		{C2EAB4C9-67CF-4507-9B4C-E04D912D4350}.Debug|x64.ActiveCfg = Debug|Any CPU
		{C2EAB4C9-67CF-4507-9B4C-E04D912D4350}.Debug|x64.Build.0 = Debug|Any CPU
		{C2EAB4C9-67CF-4507-9B4C-E04D912D4350}.Debug|x86.ActiveCfg = Debug|Any CPU
		{C2EAB4C9-67CF-4507-9B4C-E04D912D4350}.Debug|x86.Build.0 = Debug|Any CPU
		{C2EAB4C9-67CF-4507-9B4C-E04D912D4350}.Release|Any CPU.ActiveCfg = Release|Any CPU
		{C2EAB4C9-67CF-4507-9B4C-E04D912D4350}.Release|Any CPU.Build.0 = Release|Any CPU
		{C2EAB4C9-67CF-4507-9B4C-E04D912D4350}.Release|x64.ActiveCfg = Release|Any CPU
		{C2EAB4C9-67CF-4507-9B4C-E04D912D4350}.Release|x64.Build.0 = Release|Any CPU
		{C2EAB4C9-67CF-4507-9B4C-E04D912D4350}.Release|x86.ActiveCfg = Release|Any CPU
		{C2EAB4C9-67CF-4507-9B4C-E04D912D4350}.Release|x86.Build.0 = Release|Any CPU
		{A076FF3E-EBC2-474C-B216-766014DD59EF}.Debug|Any CPU.ActiveCfg = Debug|Any CPU
		{A076FF3E-EBC2-474C-B216-766014DD59EF}.Debug|Any CPU.Build.0 = Debug|Any CPU
		{A076FF3E-EBC2-474C-B216-766014DD59EF}.Debug|x64.ActiveCfg = Debug|Any CPU
		{A076FF3E-EBC2-474C-B216-766014DD59EF}.Debug|x64.Build.0 = Debug|Any CPU
		{A076FF3E-EBC2-474C-B216-766014DD59EF}.Debug|x86.ActiveCfg = Debug|Any CPU
		{A076FF3E-EBC2-474C-B216-766014DD59EF}.Debug|x86.Build.0 = Debug|Any CPU
		{A076FF3E-EBC2-474C-B216-766014DD59EF}.Release|Any CPU.ActiveCfg = Release|Any CPU
		{A076FF3E-EBC2-474C-B216-766014DD59EF}.Release|Any CPU.Build.0 = Release|Any CPU
		{A076FF3E-EBC2-474C-B216-766014DD59EF}.Release|x64.ActiveCfg = Release|Any CPU
		{A076FF3E-EBC2-474C-B216-766014DD59EF}.Release|x64.Build.0 = Release|Any CPU
		{A076FF3E-EBC2-474C-B216-766014DD59EF}.Release|x86.ActiveCfg = Release|Any CPU
		{A076FF3E-EBC2-474C-B216-766014DD59EF}.Release|x86.Build.0 = Release|Any CPU
	EndGlobalSection
	GlobalSection(SolutionProperties) = preSolution
		HideSolutionNode = FALSE
	EndGlobalSection
	GlobalSection(NestedProjects) = preSolution
		{B7C23E6D-E48E-471F-80E9-2608E2092763} = {43C5F594-39C1-4A0E-8FC3-56D24BB99A47}
		{9E872AD7-0C3B-42A0-BA3A-DE3122D1E09A} = {43C5F594-39C1-4A0E-8FC3-56D24BB99A47}
		{F37D8AA6-A642-4615-B5A3-D31A1BBC7EAD} = {43C5F594-39C1-4A0E-8FC3-56D24BB99A47}
		{4F39E52B-C626-41B8-BADD-16A3D6F20B1A} = {43C5F594-39C1-4A0E-8FC3-56D24BB99A47}
		{E9D9C793-D8BF-4A19-A5C6-CA2183E02E04} = {43C5F594-39C1-4A0E-8FC3-56D24BB99A47}
		{B6B7E3B6-72BB-4B5C-AE86-E8F83D81EE43} = {0937C992-5F3C-494D-95B4-F102C8450F74}
		{9596463B-4E93-4800-9189-AAE83047A70F} = {0937C992-5F3C-494D-95B4-F102C8450F74}
		{6C20A490-DF10-4F6E-B2DA-415446DF87CD} = {43C5F594-39C1-4A0E-8FC3-56D24BB99A47}
		{68404F43-CBCE-48CA-9392-E1E5C48A0913} = {6C20A490-DF10-4F6E-B2DA-415446DF87CD}
		{52FC6157-6511-4D78-8B4A-2B9D8DB1305D} = {6C20A490-DF10-4F6E-B2DA-415446DF87CD}
		{393A6539-C220-4AD9-89CB-15C3EBA3217F} = {43C5F594-39C1-4A0E-8FC3-56D24BB99A47}
		{B3BF4A4A-A636-4F01-97DA-F74F367C4C0D} = {43C5F594-39C1-4A0E-8FC3-56D24BB99A47}
		{5B495267-8EE6-476E-AD6C-F7114EE96B92} = {0937C992-5F3C-494D-95B4-F102C8450F74}
		{1AB393D5-3E9D-4983-A60D-002790CA8B88} = {1AC5E68F-7055-4BED-9213-48103284979D}
		{817FEABC-7F84-4971-9A44-49C4739144E3} = {1AC5E68F-7055-4BED-9213-48103284979D}
		{827EC198-75C9-43C0-8E8E-5824ED542C65} = {1AC5E68F-7055-4BED-9213-48103284979D}
		{9205EAF8-35E5-4339-BFB5-B4F5355B5227} = {827EC198-75C9-43C0-8E8E-5824ED542C65}
		{44C8FA20-A30C-4138-B279-59131A014832} = {827EC198-75C9-43C0-8E8E-5824ED542C65}
		{6E46D195-9998-4D63-A3F9-752642948F3A} = {827EC198-75C9-43C0-8E8E-5824ED542C65}
		{D180677A-E6D6-4723-8F3A-DE60C9FC821C} = {827EC198-75C9-43C0-8E8E-5824ED542C65}
		{F8DD8D5F-779F-4C9C-B2C3-878A96BBFA40} = {827EC198-75C9-43C0-8E8E-5824ED542C65}
		{A8BA528F-E393-4607-ABA6-ACE2CFB1B6B0} = {827EC198-75C9-43C0-8E8E-5824ED542C65}
		{9D19F95B-384A-4BDF-A0DE-3AD8BCC71C7B} = {827EC198-75C9-43C0-8E8E-5824ED542C65}
		{1AC7B442-6CAA-4DAF-8728-B189C3731A3D} = {827EC198-75C9-43C0-8E8E-5824ED542C65}
		{290702DB-63EB-4788-9AA7-B40D8E420839} = {827EC198-75C9-43C0-8E8E-5824ED542C65}
		{9227DA0B-DAF5-48CC-A783-4C629455130A} = {6BF4E293-4BE5-4E06-9A0E-A5D20CD7E7EE}
		{6BF4E293-4BE5-4E06-9A0E-A5D20CD7E7EE} = {663EDA9A-F100-4B50-8D1C-20BE8EA2651E}
		{67240409-C612-4C5D-AADD-70FA81AE9C2D} = {827EC198-75C9-43C0-8E8E-5824ED542C65}
		{FD18A87B-5748-4C6E-88B5-6128A7419C2E} = {6BF4E293-4BE5-4E06-9A0E-A5D20CD7E7EE}
		{17B2272E-2A70-4ADE-A934-F4C6C26F0C17} = {43C5F594-39C1-4A0E-8FC3-56D24BB99A47}
		{EF1CA28B-D8D8-4F70-9183-D91CCCA058A2} = {0937C992-5F3C-494D-95B4-F102C8450F74}
		{19B9E503-F5CE-47E6-9DDE-B0E3FC740C4E} = {0937C992-5F3C-494D-95B4-F102C8450F74}
		{562E274F-9844-478E-BDC3-0E3F8EAA2B93} = {0937C992-5F3C-494D-95B4-F102C8450F74}
		{75DD2632-7B30-4CA0-B3B4-22DD4A535D23} = {827EC198-75C9-43C0-8E8E-5824ED542C65}
		{55B40DCD-373F-4276-A83E-DEC081C46C28} = {827EC198-75C9-43C0-8E8E-5824ED542C65}
		{A4B7028D-3632-4909-AD44-4BB29DED6206} = {8BB82621-A64D-4FDE-BE4B-901784B3C661}
		{F3A43F30-2631-43C3-B476-47DDDA3C413B} = {663EDA9A-F100-4B50-8D1C-20BE8EA2651E}
		{DE78E4DC-B033-4FB7-A711-B6BB8151B957} = {F3A43F30-2631-43C3-B476-47DDDA3C413B}
		{5ECA331D-EBD8-4419-8DC3-3DC88E698DDB} = {827EC198-75C9-43C0-8E8E-5824ED542C65}
		{889DE67A-9243-45FB-B293-BFBB698A5487} = {827EC198-75C9-43C0-8E8E-5824ED542C65}
		{DAF469BE-D10E-44BB-8A9C-EBBDBE895C3E} = {F3A43F30-2631-43C3-B476-47DDDA3C413B}
		{F2520B6A-323C-4849-8A21-699AC3144E4F} = {827EC198-75C9-43C0-8E8E-5824ED542C65}
		{81031F37-57BE-4A1A-9A71-F3DEE901837E} = {827EC198-75C9-43C0-8E8E-5824ED542C65}
		{8D0DC76A-48D4-4B17-8FC0-D09AC1FE23E0} = {827EC198-75C9-43C0-8E8E-5824ED542C65}
		{A1838400-7217-4BD6-8A85-2F993EA54E96} = {0937C992-5F3C-494D-95B4-F102C8450F74}
		{C2EAB4C9-67CF-4507-9B4C-E04D912D4350} = {0937C992-5F3C-494D-95B4-F102C8450F74}
		{A076FF3E-EBC2-474C-B216-766014DD59EF} = {0937C992-5F3C-494D-95B4-F102C8450F74}
	EndGlobalSection
	GlobalSection(ExtensibilityGlobals) = postSolution
		SolutionGuid = {F118C073-FCDE-4479-8037-181ACC2173CA}
	EndGlobalSection
EndGlobal
